// !$*UTF8*$!
{
	archiveVersion = 1;
	classes = {
	};
	objectVersion = 55;
	objects = {

/* Begin PBXBuildFile section */
		0D091137A84229A6523D8CA4 /* Pods_ExampleApp.framework in Frameworks */ = {isa = PBXBuildFile; fileRef = 25D8BF13D8CD3975F5D80B25 /* Pods_ExampleApp.framework */; };
		4A0146C028D340EF0065A7C0 /* NoMatchesCell.swift in Sources */ = {isa = PBXBuildFile; fileRef = 4A0146BF28D340EF0065A7C0 /* NoMatchesCell.swift */; };
		4A0146C228D340F70065A7C0 /* NoMatchesCell.xib in Resources */ = {isa = PBXBuildFile; fileRef = 4A0146C128D340F70065A7C0 /* NoMatchesCell.xib */; };
		4A0146CD28D3C9E00065A7C0 /* Localizable.strings in Resources */ = {isa = PBXBuildFile; fileRef = 4A0146CF28D3C9E00065A7C0 /* Localizable.strings */; };
		4A0146E228D491980065A7C0 /* MatchDetailViewController.swift in Sources */ = {isa = PBXBuildFile; fileRef = 4A0146E128D491980065A7C0 /* MatchDetailViewController.swift */; };
		4A0146E428D4924A0065A7C0 /* MatchDetailViewModelDelegate.swift in Sources */ = {isa = PBXBuildFile; fileRef = 4A0146E328D4924A0065A7C0 /* MatchDetailViewModelDelegate.swift */; };
		4A0146E628D4942B0065A7C0 /* MatchDetailTableViewAdapter.swift in Sources */ = {isa = PBXBuildFile; fileRef = 4A0146E528D4942B0065A7C0 /* MatchDetailTableViewAdapter.swift */; };
		4A0146E828D495260065A7C0 /* TeamsScoreCell.swift in Sources */ = {isa = PBXBuildFile; fileRef = 4A0146E728D495260065A7C0 /* TeamsScoreCell.swift */; };
		4A0146EA28D4953C0065A7C0 /* TeamsScoreCell.xib in Resources */ = {isa = PBXBuildFile; fileRef = 4A0146E928D4953C0065A7C0 /* TeamsScoreCell.xib */; };
		4A3CC0AE28D9115E00426AEE /* LeaguesViewModelDelegate.swift in Sources */ = {isa = PBXBuildFile; fileRef = 4A3CC0AD28D9115E00426AEE /* LeaguesViewModelDelegate.swift */; };
		4A3CC0B128D9120F00426AEE /* LeaguesUIItem.swift in Sources */ = {isa = PBXBuildFile; fileRef = 4A3CC0B028D9120F00426AEE /* LeaguesUIItem.swift */; };
		4A3CC0B328D9191900426AEE /* LeaguesAdapterDelegate.swift in Sources */ = {isa = PBXBuildFile; fileRef = 4A3CC0B228D9191900426AEE /* LeaguesAdapterDelegate.swift */; };
		4A3CC0B628D9252200426AEE /* LeagueDetailViewController.swift in Sources */ = {isa = PBXBuildFile; fileRef = 4A3CC0B528D9252200426AEE /* LeagueDetailViewController.swift */; };
		4A3CC0BD28D9259E00426AEE /* LeagueDetailTableViewAdapter.swift in Sources */ = {isa = PBXBuildFile; fileRef = 4A3CC0BC28D9259E00426AEE /* LeagueDetailTableViewAdapter.swift */; };
		4A3CC0BF28D9267400426AEE /* LeaguePositionCell.swift in Sources */ = {isa = PBXBuildFile; fileRef = 4A3CC0BE28D9267400426AEE /* LeaguePositionCell.swift */; };
		4A3CC0C128D9268000426AEE /* LeaguePositionCell.xib in Resources */ = {isa = PBXBuildFile; fileRef = 4A3CC0C028D9268000426AEE /* LeaguePositionCell.xib */; };
		4A48FB8A28D8ECB0004D4CB9 /* LeaguesTableViewAdapter.swift in Sources */ = {isa = PBXBuildFile; fileRef = 4A48FB8928D8ECB0004D4CB9 /* LeaguesTableViewAdapter.swift */; };
		4A48FB8D28D8ED25004D4CB9 /* LeaguesViewModel.swift in Sources */ = {isa = PBXBuildFile; fileRef = 4A48FB8C28D8ED25004D4CB9 /* LeaguesViewModel.swift */; };
		4A48FB8F28D8ED88004D4CB9 /* LeagueCell.swift in Sources */ = {isa = PBXBuildFile; fileRef = 4A48FB8E28D8ED88004D4CB9 /* LeagueCell.swift */; };
		4A48FB9228D8ED9C004D4CB9 /* LeagueCell.xib in Resources */ = {isa = PBXBuildFile; fileRef = 4A48FB9128D8ED9C004D4CB9 /* LeagueCell.xib */; };
		4A4B272228E3A56400A1AD4A /* LeagueHeaderSectionDelegate.swift in Sources */ = {isa = PBXBuildFile; fileRef = 4A4B272128E3A56400A1AD4A /* LeagueHeaderSectionDelegate.swift */; };
		4A50059D28BA2ED2003ED3C6 /* AppDelegate.swift in Sources */ = {isa = PBXBuildFile; fileRef = 4A50059C28BA2ED2003ED3C6 /* AppDelegate.swift */; };
		4A50059F28BA2ED2003ED3C6 /* SceneDelegate.swift in Sources */ = {isa = PBXBuildFile; fileRef = 4A50059E28BA2ED2003ED3C6 /* SceneDelegate.swift */; };
		4A5005A628BA2ED3003ED3C6 /* Assets.xcassets in Resources */ = {isa = PBXBuildFile; fileRef = 4A5005A528BA2ED3003ED3C6 /* Assets.xcassets */; };
		4A5005A928BA2ED3003ED3C6 /* LaunchScreen.storyboard in Resources */ = {isa = PBXBuildFile; fileRef = 4A5005A728BA2ED3003ED3C6 /* LaunchScreen.storyboard */; };
		4A5005B428BA2ED4003ED3C6 /* ExampleAppTests.swift in Sources */ = {isa = PBXBuildFile; fileRef = 4A5005B328BA2ED4003ED3C6 /* ExampleAppTests.swift */; };
		4A5005BE28BA2ED4003ED3C6 /* ExampleAppUITests.swift in Sources */ = {isa = PBXBuildFile; fileRef = 4A5005BD28BA2ED4003ED3C6 /* ExampleAppUITests.swift */; };
		4A5005C028BA2ED4003ED3C6 /* ExampleAppUITestsLaunchTests.swift in Sources */ = {isa = PBXBuildFile; fileRef = 4A5005BF28BA2ED4003ED3C6 /* ExampleAppUITestsLaunchTests.swift */; };
		4A5005D128BA2F36003ED3C6 /* LoginViewController.storyboard in Resources */ = {isa = PBXBuildFile; fileRef = 4A5005D028BA2F36003ED3C6 /* LoginViewController.storyboard */; };
		4A5005D328BA2F42003ED3C6 /* LoginViewController.swift in Sources */ = {isa = PBXBuildFile; fileRef = 4A5005D228BA2F42003ED3C6 /* LoginViewController.swift */; };
		4A5005D628BA3811003ED3C6 /* GoogleConfig.swift in Sources */ = {isa = PBXBuildFile; fileRef = 4A5005D528BA3811003ED3C6 /* GoogleConfig.swift */; };
		4A5005D828BA4106003ED3C6 /* GoogleService-Info.plist in Resources */ = {isa = PBXBuildFile; fileRef = 4A5005D728BA4106003ED3C6 /* GoogleService-Info.plist */; };
		4A5005E228BA50DD003ED3C6 /* HomeViewController.swift in Sources */ = {isa = PBXBuildFile; fileRef = 4A5005E128BA50DD003ED3C6 /* HomeViewController.swift */; };
		4A5005E428BA50E7003ED3C6 /* HomeViewController.storyboard in Resources */ = {isa = PBXBuildFile; fileRef = 4A5005E328BA50E7003ED3C6 /* HomeViewController.storyboard */; };
		4A5005E928BA8655003ED3C6 /* UIViewController+Generics.swift in Sources */ = {isa = PBXBuildFile; fileRef = 4A5005E828BA8655003ED3C6 /* UIViewController+Generics.swift */; };
		4A5005F328BAB255003ED3C6 /* LoadingView.swift in Sources */ = {isa = PBXBuildFile; fileRef = 4A5005F228BAB255003ED3C6 /* LoadingView.swift */; };
		4A5005F528BAB264003ED3C6 /* LoadingView.xib in Resources */ = {isa = PBXBuildFile; fileRef = 4A5005F428BAB264003ED3C6 /* LoadingView.xib */; };
		4A5005F828BABC34003ED3C6 /* ErrorView.swift in Sources */ = {isa = PBXBuildFile; fileRef = 4A5005F728BABC34003ED3C6 /* ErrorView.swift */; };
		4A5005FA28BABC3C003ED3C6 /* ErrorView.xib in Resources */ = {isa = PBXBuildFile; fileRef = 4A5005F928BABC3C003ED3C6 /* ErrorView.xib */; };
		4A5005FD28BB9EC7003ED3C6 /* UIView+LoadFromNib.swift in Sources */ = {isa = PBXBuildFile; fileRef = 4A5005FC28BB9EC7003ED3C6 /* UIView+LoadFromNib.swift */; };
		4A50060728BC1EEA003ED3C6 /* TabBarViewController.swift in Sources */ = {isa = PBXBuildFile; fileRef = 4A50060628BC1EEA003ED3C6 /* TabBarViewController.swift */; };
		4A50060B28BC217F003ED3C6 /* ProfileViewController.swift in Sources */ = {isa = PBXBuildFile; fileRef = 4A50060A28BC217F003ED3C6 /* ProfileViewController.swift */; };
		4A50060D28BC218D003ED3C6 /* ProfileViewController.storyboard in Resources */ = {isa = PBXBuildFile; fileRef = 4A50060C28BC218D003ED3C6 /* ProfileViewController.storyboard */; };
		4A65686328BD0913003E3E4F /* ErrorViewDelegate.swift in Sources */ = {isa = PBXBuildFile; fileRef = 4A65686228BD0913003E3E4F /* ErrorViewDelegate.swift */; };
		4A65686628BD0ADD003E3E4F /* UITableView+Extension.swift in Sources */ = {isa = PBXBuildFile; fileRef = 4A65686528BD0ADD003E3E4F /* UITableView+Extension.swift */; };
		4A65686828BD0EB3003E3E4F /* UIImageView+Download.swift in Sources */ = {isa = PBXBuildFile; fileRef = 4A65686728BD0EB3003E3E4F /* UIImageView+Download.swift */; };
		4A65687928C363C0003E3E4F /* ProfileTableViewAdapter.swift in Sources */ = {isa = PBXBuildFile; fileRef = 4A65687828C363C0003E3E4F /* ProfileTableViewAdapter.swift */; };
		4A65687C28C36488003E3E4F /* ProfileNameCell.swift in Sources */ = {isa = PBXBuildFile; fileRef = 4A65687B28C36488003E3E4F /* ProfileNameCell.swift */; };
		4A65687E28C36494003E3E4F /* ProfileNameCell.xib in Resources */ = {isa = PBXBuildFile; fileRef = 4A65687D28C36494003E3E4F /* ProfileNameCell.xib */; };
		4A65688128C368B4003E3E4F /* ProfileViewModel.swift in Sources */ = {isa = PBXBuildFile; fileRef = 4A65688028C368B4003E3E4F /* ProfileViewModel.swift */; };
		4A65688428C36A7C003E3E4F /* ProfileUIITems.swift in Sources */ = {isa = PBXBuildFile; fileRef = 4A65688328C36A7C003E3E4F /* ProfileUIITems.swift */; };
		4A65688628C3701A003E3E4F /* ProfileOptionCell.swift in Sources */ = {isa = PBXBuildFile; fileRef = 4A65688528C3701A003E3E4F /* ProfileOptionCell.swift */; };
		4A65688828C37024003E3E4F /* ProfileOptionCell.xib in Resources */ = {isa = PBXBuildFile; fileRef = 4A65688728C37024003E3E4F /* ProfileOptionCell.xib */; };
		4A84C43928DB2E9500B5CE82 /* PositionSectionHeaderView.swift in Sources */ = {isa = PBXBuildFile; fileRef = 4A84C43828DB2E9500B5CE82 /* PositionSectionHeaderView.swift */; };
		4A84C43B28DB2EA300B5CE82 /* PositionSectionHeaderView.xib in Resources */ = {isa = PBXBuildFile; fileRef = 4A84C43A28DB2EA300B5CE82 /* PositionSectionHeaderView.xib */; };
		4A8C865E28D11DCA004A82AB /* Array+Unique.swift in Sources */ = {isa = PBXBuildFile; fileRef = 4A8C865D28D11DCA004A82AB /* Array+Unique.swift */; };
		4A9609A128D9E86600BE93E5 /* LeagueDetailUIItem.swift in Sources */ = {isa = PBXBuildFile; fileRef = 4A9609A028D9E86600BE93E5 /* LeagueDetailUIItem.swift */; };
		4A9609A328D9EA4900BE93E5 /* LeagueDetailViewModel.swift in Sources */ = {isa = PBXBuildFile; fileRef = 4A9609A228D9EA4900BE93E5 /* LeagueDetailViewModel.swift */; };
		4A9609A528D9EAC600BE93E5 /* LeagueDetailViewModelDelegate.swift in Sources */ = {isa = PBXBuildFile; fileRef = 4A9609A428D9EAC600BE93E5 /* LeagueDetailViewModelDelegate.swift */; };
		4A9609A728D9F0A400BE93E5 /* LeagueTableHeaderCell.swift in Sources */ = {isa = PBXBuildFile; fileRef = 4A9609A628D9F0A400BE93E5 /* LeagueTableHeaderCell.swift */; };
		4A9609A928D9F0B100BE93E5 /* LeagueTableHeaderCell.xib in Resources */ = {isa = PBXBuildFile; fileRef = 4A9609A828D9F0B100BE93E5 /* LeagueTableHeaderCell.xib */; };
		4A9609AF28DA5F6D00BE93E5 /* LeagueDetailScoreCell.xib in Resources */ = {isa = PBXBuildFile; fileRef = 4A9609AE28DA5F6D00BE93E5 /* LeagueDetailScoreCell.xib */; };
		4A9609B128DA5F7400BE93E5 /* LeagueDetailScoreCell.swift in Sources */ = {isa = PBXBuildFile; fileRef = 4A9609B028DA5F7400BE93E5 /* LeagueDetailScoreCell.swift */; };
		4ACA247928CFA9C5008A98AC /* MatchCell.swift in Sources */ = {isa = PBXBuildFile; fileRef = 4ACA247828CFA9C5008A98AC /* MatchCell.swift */; };
		4ACA247B28CFA9D7008A98AC /* MatchCell.xib in Resources */ = {isa = PBXBuildFile; fileRef = 4ACA247A28CFA9D7008A98AC /* MatchCell.xib */; };
		4ACA247D28CFBAFC008A98AC /* LeagueHeaderSection.swift in Sources */ = {isa = PBXBuildFile; fileRef = 4ACA247C28CFBAFC008A98AC /* LeagueHeaderSection.swift */; };
		4ACA247F28CFBB08008A98AC /* LeagueHeaderSection.xib in Resources */ = {isa = PBXBuildFile; fileRef = 4ACA247E28CFBB08008A98AC /* LeagueHeaderSection.xib */; };
		4AFF874428C679BF00C2EA76 /* ProfileViewModelDelegate.swift in Sources */ = {isa = PBXBuildFile; fileRef = 4AFF874328C679BF00C2EA76 /* ProfileViewModelDelegate.swift */; };
		4AFF874628C68F1100C2EA76 /* ProfileAdapterDelegate.swift in Sources */ = {isa = PBXBuildFile; fileRef = 4AFF874528C68F1100C2EA76 /* ProfileAdapterDelegate.swift */; };
		4AFF874D28C7ADFE00C2EA76 /* HomeViewModel.swift in Sources */ = {isa = PBXBuildFile; fileRef = 4AFF874C28C7ADFE00C2EA76 /* HomeViewModel.swift */; };
		4AFF874F28C7AEC700C2EA76 /* HomeViewModelDelegate.swift in Sources */ = {isa = PBXBuildFile; fileRef = 4AFF874E28C7AEC700C2EA76 /* HomeViewModelDelegate.swift */; };
		4AFF875128C7AF1600C2EA76 /* HomeUIItem.swift in Sources */ = {isa = PBXBuildFile; fileRef = 4AFF875028C7AF1600C2EA76 /* HomeUIItem.swift */; };
		4AFF875328C7B01E00C2EA76 /* HomeTableViewAdapter.swift in Sources */ = {isa = PBXBuildFile; fileRef = 4AFF875228C7B01E00C2EA76 /* HomeTableViewAdapter.swift */; };
		4AFF875928C7C3C400C2EA76 /* HomeAdapterDelegate.swift in Sources */ = {isa = PBXBuildFile; fileRef = 4AFF875828C7C3C400C2EA76 /* HomeAdapterDelegate.swift */; };
		4AFF875D28C7C6BF00C2EA76 /* LeaguesViewController.storyboard in Resources */ = {isa = PBXBuildFile; fileRef = 4AFF875C28C7C6BF00C2EA76 /* LeaguesViewController.storyboard */; };
		4AFF875F28C7C6D000C2EA76 /* LeaguesViewController.swift in Sources */ = {isa = PBXBuildFile; fileRef = 4AFF875E28C7C6D000C2EA76 /* LeaguesViewController.swift */; };
		D8255798ED8912CA92651BF7 /* Pods_ExampleAppTests.framework in Frameworks */ = {isa = PBXBuildFile; fileRef = 33A0268C072C3835B4A28C26 /* Pods_ExampleAppTests.framework */; };
		FF742E157C5D31EBC5D75471 /* Pods_ExampleApp_ExampleAppUITests.framework in Frameworks */ = {isa = PBXBuildFile; fileRef = 3BE2D57A6E2C23CC7AAC19B8 /* Pods_ExampleApp_ExampleAppUITests.framework */; };
/* End PBXBuildFile section */

/* Begin PBXContainerItemProxy section */
		4A5005B028BA2ED4003ED3C6 /* PBXContainerItemProxy */ = {
			isa = PBXContainerItemProxy;
			containerPortal = 4A50059128BA2ED2003ED3C6 /* Project object */;
			proxyType = 1;
			remoteGlobalIDString = 4A50059828BA2ED2003ED3C6;
			remoteInfo = ExampleApp;
		};
		4A5005BA28BA2ED4003ED3C6 /* PBXContainerItemProxy */ = {
			isa = PBXContainerItemProxy;
			containerPortal = 4A50059128BA2ED2003ED3C6 /* Project object */;
			proxyType = 1;
			remoteGlobalIDString = 4A50059828BA2ED2003ED3C6;
			remoteInfo = ExampleApp;
		};
/* End PBXContainerItemProxy section */

/* Begin PBXFileReference section */
		25D8BF13D8CD3975F5D80B25 /* Pods_ExampleApp.framework */ = {isa = PBXFileReference; explicitFileType = wrapper.framework; includeInIndex = 0; path = Pods_ExampleApp.framework; sourceTree = BUILT_PRODUCTS_DIR; };
		33A0268C072C3835B4A28C26 /* Pods_ExampleAppTests.framework */ = {isa = PBXFileReference; explicitFileType = wrapper.framework; includeInIndex = 0; path = Pods_ExampleAppTests.framework; sourceTree = BUILT_PRODUCTS_DIR; };
		3BE2D57A6E2C23CC7AAC19B8 /* Pods_ExampleApp_ExampleAppUITests.framework */ = {isa = PBXFileReference; explicitFileType = wrapper.framework; includeInIndex = 0; path = Pods_ExampleApp_ExampleAppUITests.framework; sourceTree = BUILT_PRODUCTS_DIR; };
		4A0146BF28D340EF0065A7C0 /* NoMatchesCell.swift */ = {isa = PBXFileReference; lastKnownFileType = sourcecode.swift; path = NoMatchesCell.swift; sourceTree = "<group>"; };
		4A0146C128D340F70065A7C0 /* NoMatchesCell.xib */ = {isa = PBXFileReference; lastKnownFileType = file.xib; path = NoMatchesCell.xib; sourceTree = "<group>"; };
		4A0146CE28D3C9E00065A7C0 /* en */ = {isa = PBXFileReference; lastKnownFileType = text.plist.strings; name = en; path = en.lproj/Localizable.strings; sourceTree = "<group>"; };
		4A0146D228D3CA4E0065A7C0 /* es */ = {isa = PBXFileReference; lastKnownFileType = text.plist.strings; name = es; path = es.lproj/Localizable.strings; sourceTree = "<group>"; };
		4A0146D328D3CA6D0065A7C0 /* it */ = {isa = PBXFileReference; lastKnownFileType = text.plist.strings; name = it; path = it.lproj/Localizable.strings; sourceTree = "<group>"; };
		4A0146E128D491980065A7C0 /* MatchDetailViewController.swift */ = {isa = PBXFileReference; lastKnownFileType = sourcecode.swift; path = MatchDetailViewController.swift; sourceTree = "<group>"; };
		4A0146E328D4924A0065A7C0 /* MatchDetailViewModelDelegate.swift */ = {isa = PBXFileReference; lastKnownFileType = sourcecode.swift; path = MatchDetailViewModelDelegate.swift; sourceTree = "<group>"; };
		4A0146E528D4942B0065A7C0 /* MatchDetailTableViewAdapter.swift */ = {isa = PBXFileReference; lastKnownFileType = sourcecode.swift; path = MatchDetailTableViewAdapter.swift; sourceTree = "<group>"; };
		4A0146E728D495260065A7C0 /* TeamsScoreCell.swift */ = {isa = PBXFileReference; lastKnownFileType = sourcecode.swift; path = TeamsScoreCell.swift; sourceTree = "<group>"; };
		4A0146E928D4953C0065A7C0 /* TeamsScoreCell.xib */ = {isa = PBXFileReference; lastKnownFileType = file.xib; path = TeamsScoreCell.xib; sourceTree = "<group>"; };
		4A3CC0AD28D9115E00426AEE /* LeaguesViewModelDelegate.swift */ = {isa = PBXFileReference; lastKnownFileType = sourcecode.swift; path = LeaguesViewModelDelegate.swift; sourceTree = "<group>"; };
		4A3CC0B028D9120F00426AEE /* LeaguesUIItem.swift */ = {isa = PBXFileReference; lastKnownFileType = sourcecode.swift; path = LeaguesUIItem.swift; sourceTree = "<group>"; };
		4A3CC0B228D9191900426AEE /* LeaguesAdapterDelegate.swift */ = {isa = PBXFileReference; lastKnownFileType = sourcecode.swift; path = LeaguesAdapterDelegate.swift; sourceTree = "<group>"; };
		4A3CC0B528D9252200426AEE /* LeagueDetailViewController.swift */ = {isa = PBXFileReference; lastKnownFileType = sourcecode.swift; path = LeagueDetailViewController.swift; sourceTree = "<group>"; };
		4A3CC0BC28D9259E00426AEE /* LeagueDetailTableViewAdapter.swift */ = {isa = PBXFileReference; lastKnownFileType = sourcecode.swift; path = LeagueDetailTableViewAdapter.swift; sourceTree = "<group>"; };
		4A3CC0BE28D9267400426AEE /* LeaguePositionCell.swift */ = {isa = PBXFileReference; lastKnownFileType = sourcecode.swift; path = LeaguePositionCell.swift; sourceTree = "<group>"; };
		4A3CC0C028D9268000426AEE /* LeaguePositionCell.xib */ = {isa = PBXFileReference; lastKnownFileType = file.xib; path = LeaguePositionCell.xib; sourceTree = "<group>"; };
		4A48FB8928D8ECB0004D4CB9 /* LeaguesTableViewAdapter.swift */ = {isa = PBXFileReference; lastKnownFileType = sourcecode.swift; path = LeaguesTableViewAdapter.swift; sourceTree = "<group>"; };
		4A48FB8C28D8ED25004D4CB9 /* LeaguesViewModel.swift */ = {isa = PBXFileReference; lastKnownFileType = sourcecode.swift; path = LeaguesViewModel.swift; sourceTree = "<group>"; };
		4A48FB8E28D8ED88004D4CB9 /* LeagueCell.swift */ = {isa = PBXFileReference; lastKnownFileType = sourcecode.swift; path = LeagueCell.swift; sourceTree = "<group>"; };
		4A48FB9128D8ED9C004D4CB9 /* LeagueCell.xib */ = {isa = PBXFileReference; lastKnownFileType = file.xib; path = LeagueCell.xib; sourceTree = "<group>"; };
		4A4B272128E3A56400A1AD4A /* LeagueHeaderSectionDelegate.swift */ = {isa = PBXFileReference; lastKnownFileType = sourcecode.swift; path = LeagueHeaderSectionDelegate.swift; sourceTree = "<group>"; };
		4A50059928BA2ED2003ED3C6 /* ExampleApp.app */ = {isa = PBXFileReference; explicitFileType = wrapper.application; includeInIndex = 0; path = ExampleApp.app; sourceTree = BUILT_PRODUCTS_DIR; };
		4A50059C28BA2ED2003ED3C6 /* AppDelegate.swift */ = {isa = PBXFileReference; lastKnownFileType = sourcecode.swift; path = AppDelegate.swift; sourceTree = "<group>"; };
		4A50059E28BA2ED2003ED3C6 /* SceneDelegate.swift */ = {isa = PBXFileReference; lastKnownFileType = sourcecode.swift; path = SceneDelegate.swift; sourceTree = "<group>"; };
		4A5005A528BA2ED3003ED3C6 /* Assets.xcassets */ = {isa = PBXFileReference; lastKnownFileType = folder.assetcatalog; path = Assets.xcassets; sourceTree = "<group>"; };
		4A5005A828BA2ED3003ED3C6 /* Base */ = {isa = PBXFileReference; lastKnownFileType = file.storyboard; name = Base; path = Base.lproj/LaunchScreen.storyboard; sourceTree = "<group>"; };
		4A5005AA28BA2ED3003ED3C6 /* Info.plist */ = {isa = PBXFileReference; lastKnownFileType = text.plist.xml; path = Info.plist; sourceTree = "<group>"; };
		4A5005AF28BA2ED4003ED3C6 /* ExampleAppTests.xctest */ = {isa = PBXFileReference; explicitFileType = wrapper.cfbundle; includeInIndex = 0; path = ExampleAppTests.xctest; sourceTree = BUILT_PRODUCTS_DIR; };
		4A5005B328BA2ED4003ED3C6 /* ExampleAppTests.swift */ = {isa = PBXFileReference; lastKnownFileType = sourcecode.swift; path = ExampleAppTests.swift; sourceTree = "<group>"; };
		4A5005B928BA2ED4003ED3C6 /* ExampleAppUITests.xctest */ = {isa = PBXFileReference; explicitFileType = wrapper.cfbundle; includeInIndex = 0; path = ExampleAppUITests.xctest; sourceTree = BUILT_PRODUCTS_DIR; };
		4A5005BD28BA2ED4003ED3C6 /* ExampleAppUITests.swift */ = {isa = PBXFileReference; lastKnownFileType = sourcecode.swift; path = ExampleAppUITests.swift; sourceTree = "<group>"; };
		4A5005BF28BA2ED4003ED3C6 /* ExampleAppUITestsLaunchTests.swift */ = {isa = PBXFileReference; lastKnownFileType = sourcecode.swift; path = ExampleAppUITestsLaunchTests.swift; sourceTree = "<group>"; };
		4A5005D028BA2F36003ED3C6 /* LoginViewController.storyboard */ = {isa = PBXFileReference; lastKnownFileType = file.storyboard; path = LoginViewController.storyboard; sourceTree = "<group>"; };
		4A5005D228BA2F42003ED3C6 /* LoginViewController.swift */ = {isa = PBXFileReference; lastKnownFileType = sourcecode.swift; path = LoginViewController.swift; sourceTree = "<group>"; };
		4A5005D528BA3811003ED3C6 /* GoogleConfig.swift */ = {isa = PBXFileReference; lastKnownFileType = sourcecode.swift; path = GoogleConfig.swift; sourceTree = "<group>"; };
		4A5005D728BA4106003ED3C6 /* GoogleService-Info.plist */ = {isa = PBXFileReference; fileEncoding = 4; lastKnownFileType = text.plist.xml; path = "GoogleService-Info.plist"; sourceTree = "<group>"; };
		4A5005E128BA50DD003ED3C6 /* HomeViewController.swift */ = {isa = PBXFileReference; lastKnownFileType = sourcecode.swift; path = HomeViewController.swift; sourceTree = "<group>"; };
		4A5005E328BA50E7003ED3C6 /* HomeViewController.storyboard */ = {isa = PBXFileReference; lastKnownFileType = file.storyboard; path = HomeViewController.storyboard; sourceTree = "<group>"; };
		4A5005E828BA8655003ED3C6 /* UIViewController+Generics.swift */ = {isa = PBXFileReference; lastKnownFileType = sourcecode.swift; path = "UIViewController+Generics.swift"; sourceTree = "<group>"; };
		4A5005F228BAB255003ED3C6 /* LoadingView.swift */ = {isa = PBXFileReference; lastKnownFileType = sourcecode.swift; path = LoadingView.swift; sourceTree = "<group>"; };
		4A5005F428BAB264003ED3C6 /* LoadingView.xib */ = {isa = PBXFileReference; lastKnownFileType = file.xib; path = LoadingView.xib; sourceTree = "<group>"; };
		4A5005F728BABC34003ED3C6 /* ErrorView.swift */ = {isa = PBXFileReference; lastKnownFileType = sourcecode.swift; path = ErrorView.swift; sourceTree = "<group>"; };
		4A5005F928BABC3C003ED3C6 /* ErrorView.xib */ = {isa = PBXFileReference; lastKnownFileType = file.xib; path = ErrorView.xib; sourceTree = "<group>"; };
		4A5005FC28BB9EC7003ED3C6 /* UIView+LoadFromNib.swift */ = {isa = PBXFileReference; lastKnownFileType = sourcecode.swift; path = "UIView+LoadFromNib.swift"; sourceTree = "<group>"; };
		4A50060628BC1EEA003ED3C6 /* TabBarViewController.swift */ = {isa = PBXFileReference; lastKnownFileType = sourcecode.swift; path = TabBarViewController.swift; sourceTree = "<group>"; };
		4A50060A28BC217F003ED3C6 /* ProfileViewController.swift */ = {isa = PBXFileReference; lastKnownFileType = sourcecode.swift; path = ProfileViewController.swift; sourceTree = "<group>"; };
		4A50060C28BC218D003ED3C6 /* ProfileViewController.storyboard */ = {isa = PBXFileReference; lastKnownFileType = file.storyboard; path = ProfileViewController.storyboard; sourceTree = "<group>"; };
		4A65686228BD0913003E3E4F /* ErrorViewDelegate.swift */ = {isa = PBXFileReference; lastKnownFileType = sourcecode.swift; path = ErrorViewDelegate.swift; sourceTree = "<group>"; };
		4A65686528BD0ADD003E3E4F /* UITableView+Extension.swift */ = {isa = PBXFileReference; lastKnownFileType = sourcecode.swift; path = "UITableView+Extension.swift"; sourceTree = "<group>"; };
		4A65686728BD0EB3003E3E4F /* UIImageView+Download.swift */ = {isa = PBXFileReference; lastKnownFileType = sourcecode.swift; path = "UIImageView+Download.swift"; sourceTree = "<group>"; };
		4A65687828C363C0003E3E4F /* ProfileTableViewAdapter.swift */ = {isa = PBXFileReference; lastKnownFileType = sourcecode.swift; path = ProfileTableViewAdapter.swift; sourceTree = "<group>"; };
		4A65687B28C36488003E3E4F /* ProfileNameCell.swift */ = {isa = PBXFileReference; lastKnownFileType = sourcecode.swift; path = ProfileNameCell.swift; sourceTree = "<group>"; };
		4A65687D28C36494003E3E4F /* ProfileNameCell.xib */ = {isa = PBXFileReference; lastKnownFileType = file.xib; path = ProfileNameCell.xib; sourceTree = "<group>"; };
		4A65688028C368B4003E3E4F /* ProfileViewModel.swift */ = {isa = PBXFileReference; lastKnownFileType = sourcecode.swift; path = ProfileViewModel.swift; sourceTree = "<group>"; };
		4A65688328C36A7C003E3E4F /* ProfileUIITems.swift */ = {isa = PBXFileReference; lastKnownFileType = sourcecode.swift; path = ProfileUIITems.swift; sourceTree = "<group>"; };
		4A65688528C3701A003E3E4F /* ProfileOptionCell.swift */ = {isa = PBXFileReference; lastKnownFileType = sourcecode.swift; path = ProfileOptionCell.swift; sourceTree = "<group>"; };
		4A65688728C37024003E3E4F /* ProfileOptionCell.xib */ = {isa = PBXFileReference; lastKnownFileType = file.xib; path = ProfileOptionCell.xib; sourceTree = "<group>"; };
		4A84C43828DB2E9500B5CE82 /* PositionSectionHeaderView.swift */ = {isa = PBXFileReference; lastKnownFileType = sourcecode.swift; path = PositionSectionHeaderView.swift; sourceTree = "<group>"; };
		4A84C43A28DB2EA300B5CE82 /* PositionSectionHeaderView.xib */ = {isa = PBXFileReference; lastKnownFileType = file.xib; path = PositionSectionHeaderView.xib; sourceTree = "<group>"; };
		4A8C865D28D11DCA004A82AB /* Array+Unique.swift */ = {isa = PBXFileReference; lastKnownFileType = sourcecode.swift; path = "Array+Unique.swift"; sourceTree = "<group>"; };
		4A9609A028D9E86600BE93E5 /* LeagueDetailUIItem.swift */ = {isa = PBXFileReference; lastKnownFileType = sourcecode.swift; path = LeagueDetailUIItem.swift; sourceTree = "<group>"; };
		4A9609A228D9EA4900BE93E5 /* LeagueDetailViewModel.swift */ = {isa = PBXFileReference; lastKnownFileType = sourcecode.swift; path = LeagueDetailViewModel.swift; sourceTree = "<group>"; };
		4A9609A428D9EAC600BE93E5 /* LeagueDetailViewModelDelegate.swift */ = {isa = PBXFileReference; lastKnownFileType = sourcecode.swift; path = LeagueDetailViewModelDelegate.swift; sourceTree = "<group>"; };
		4A9609A628D9F0A400BE93E5 /* LeagueTableHeaderCell.swift */ = {isa = PBXFileReference; lastKnownFileType = sourcecode.swift; path = LeagueTableHeaderCell.swift; sourceTree = "<group>"; };
		4A9609A828D9F0B100BE93E5 /* LeagueTableHeaderCell.xib */ = {isa = PBXFileReference; lastKnownFileType = file.xib; path = LeagueTableHeaderCell.xib; sourceTree = "<group>"; };
		4A9609AE28DA5F6D00BE93E5 /* LeagueDetailScoreCell.xib */ = {isa = PBXFileReference; lastKnownFileType = file.xib; path = LeagueDetailScoreCell.xib; sourceTree = "<group>"; };
		4A9609B028DA5F7400BE93E5 /* LeagueDetailScoreCell.swift */ = {isa = PBXFileReference; lastKnownFileType = sourcecode.swift; path = LeagueDetailScoreCell.swift; sourceTree = "<group>"; };
		4ACA247828CFA9C5008A98AC /* MatchCell.swift */ = {isa = PBXFileReference; lastKnownFileType = sourcecode.swift; path = MatchCell.swift; sourceTree = "<group>"; };
		4ACA247A28CFA9D7008A98AC /* MatchCell.xib */ = {isa = PBXFileReference; lastKnownFileType = file.xib; path = MatchCell.xib; sourceTree = "<group>"; };
		4ACA247C28CFBAFC008A98AC /* LeagueHeaderSection.swift */ = {isa = PBXFileReference; lastKnownFileType = sourcecode.swift; path = LeagueHeaderSection.swift; sourceTree = "<group>"; };
		4ACA247E28CFBB08008A98AC /* LeagueHeaderSection.xib */ = {isa = PBXFileReference; lastKnownFileType = file.xib; path = LeagueHeaderSection.xib; sourceTree = "<group>"; };
		4AFF874328C679BF00C2EA76 /* ProfileViewModelDelegate.swift */ = {isa = PBXFileReference; lastKnownFileType = sourcecode.swift; path = ProfileViewModelDelegate.swift; sourceTree = "<group>"; };
		4AFF874528C68F1100C2EA76 /* ProfileAdapterDelegate.swift */ = {isa = PBXFileReference; lastKnownFileType = sourcecode.swift; path = ProfileAdapterDelegate.swift; sourceTree = "<group>"; };
		4AFF874C28C7ADFE00C2EA76 /* HomeViewModel.swift */ = {isa = PBXFileReference; lastKnownFileType = sourcecode.swift; path = HomeViewModel.swift; sourceTree = "<group>"; };
		4AFF874E28C7AEC700C2EA76 /* HomeViewModelDelegate.swift */ = {isa = PBXFileReference; lastKnownFileType = sourcecode.swift; path = HomeViewModelDelegate.swift; sourceTree = "<group>"; };
		4AFF875028C7AF1600C2EA76 /* HomeUIItem.swift */ = {isa = PBXFileReference; lastKnownFileType = sourcecode.swift; path = HomeUIItem.swift; sourceTree = "<group>"; };
		4AFF875228C7B01E00C2EA76 /* HomeTableViewAdapter.swift */ = {isa = PBXFileReference; lastKnownFileType = sourcecode.swift; path = HomeTableViewAdapter.swift; sourceTree = "<group>"; };
		4AFF875828C7C3C400C2EA76 /* HomeAdapterDelegate.swift */ = {isa = PBXFileReference; lastKnownFileType = sourcecode.swift; path = HomeAdapterDelegate.swift; sourceTree = "<group>"; };
		4AFF875C28C7C6BF00C2EA76 /* LeaguesViewController.storyboard */ = {isa = PBXFileReference; lastKnownFileType = file.storyboard; path = LeaguesViewController.storyboard; sourceTree = "<group>"; };
		4AFF875E28C7C6D000C2EA76 /* LeaguesViewController.swift */ = {isa = PBXFileReference; lastKnownFileType = sourcecode.swift; path = LeaguesViewController.swift; sourceTree = "<group>"; };
		8586D76107B153A38A0700A1 /* Pods-ExampleApp-ExampleAppUITests.release.xcconfig */ = {isa = PBXFileReference; includeInIndex = 1; lastKnownFileType = text.xcconfig; name = "Pods-ExampleApp-ExampleAppUITests.release.xcconfig"; path = "Target Support Files/Pods-ExampleApp-ExampleAppUITests/Pods-ExampleApp-ExampleAppUITests.release.xcconfig"; sourceTree = "<group>"; };
		C0C78A0A84882C4F7B8767B0 /* Pods-ExampleAppTests.debug.xcconfig */ = {isa = PBXFileReference; includeInIndex = 1; lastKnownFileType = text.xcconfig; name = "Pods-ExampleAppTests.debug.xcconfig"; path = "Target Support Files/Pods-ExampleAppTests/Pods-ExampleAppTests.debug.xcconfig"; sourceTree = "<group>"; };
		CC10809CB9425E0EC81BD569 /* Pods-ExampleApp.release.xcconfig */ = {isa = PBXFileReference; includeInIndex = 1; lastKnownFileType = text.xcconfig; name = "Pods-ExampleApp.release.xcconfig"; path = "Target Support Files/Pods-ExampleApp/Pods-ExampleApp.release.xcconfig"; sourceTree = "<group>"; };
		D44CC8660D03EFFAAE3FDDA0 /* Pods-ExampleAppTests.release.xcconfig */ = {isa = PBXFileReference; includeInIndex = 1; lastKnownFileType = text.xcconfig; name = "Pods-ExampleAppTests.release.xcconfig"; path = "Target Support Files/Pods-ExampleAppTests/Pods-ExampleAppTests.release.xcconfig"; sourceTree = "<group>"; };
		D9947A34CF7AC1F9617EF5A3 /* Pods-ExampleApp-ExampleAppUITests.debug.xcconfig */ = {isa = PBXFileReference; includeInIndex = 1; lastKnownFileType = text.xcconfig; name = "Pods-ExampleApp-ExampleAppUITests.debug.xcconfig"; path = "Target Support Files/Pods-ExampleApp-ExampleAppUITests/Pods-ExampleApp-ExampleAppUITests.debug.xcconfig"; sourceTree = "<group>"; };
		F817F626CC81FE8BE2A87EF0 /* Pods-ExampleApp.debug.xcconfig */ = {isa = PBXFileReference; includeInIndex = 1; lastKnownFileType = text.xcconfig; name = "Pods-ExampleApp.debug.xcconfig"; path = "Target Support Files/Pods-ExampleApp/Pods-ExampleApp.debug.xcconfig"; sourceTree = "<group>"; };
/* End PBXFileReference section */

/* Begin PBXFrameworksBuildPhase section */
		4A50059628BA2ED2003ED3C6 /* Frameworks */ = {
			isa = PBXFrameworksBuildPhase;
			buildActionMask = 2147483647;
			files = (
				0D091137A84229A6523D8CA4 /* Pods_ExampleApp.framework in Frameworks */,
			);
			runOnlyForDeploymentPostprocessing = 0;
		};
		4A5005AC28BA2ED4003ED3C6 /* Frameworks */ = {
			isa = PBXFrameworksBuildPhase;
			buildActionMask = 2147483647;
			files = (
				D8255798ED8912CA92651BF7 /* Pods_ExampleAppTests.framework in Frameworks */,
			);
			runOnlyForDeploymentPostprocessing = 0;
		};
		4A5005B628BA2ED4003ED3C6 /* Frameworks */ = {
			isa = PBXFrameworksBuildPhase;
			buildActionMask = 2147483647;
			files = (
				FF742E157C5D31EBC5D75471 /* Pods_ExampleApp_ExampleAppUITests.framework in Frameworks */,
			);
			runOnlyForDeploymentPostprocessing = 0;
		};
/* End PBXFrameworksBuildPhase section */

/* Begin PBXGroup section */
		4A0146D828D491230065A7C0 /* HomeViewController */ = {
			isa = PBXGroup;
			children = (
				4AFF874B28C7ADE700C2EA76 /* Adapter */,
				4AFF874A28C7ADE100C2EA76 /* Views */,
				4AFF874928C7ADDB00C2EA76 /* ViewModel */,
				4AFF874828C7ADD500C2EA76 /* Model */,
				4AFF874728C7ADCF00C2EA76 /* Delegate */,
				4A5005E028BA50CC003ED3C6 /* ViewController */,
			);
			path = HomeViewController;
			sourceTree = "<group>";
		};
		4A0146D928D491340065A7C0 /* MatchDetailViewController */ = {
			isa = PBXGroup;
			children = (
				4A0146E028D491870065A7C0 /* ViewController */,
				4A0146DF28D491820065A7C0 /* Delegate */,
				4A0146DE28D4917B0065A7C0 /* Model */,
				4A0146DC28D4916B0065A7C0 /* ViewModel */,
				4A0146DB28D4915F0065A7C0 /* Views */,
				4A0146DA28D4914F0065A7C0 /* Adapter */,
			);
			path = MatchDetailViewController;
			sourceTree = "<group>";
		};
		4A0146DA28D4914F0065A7C0 /* Adapter */ = {
			isa = PBXGroup;
			children = (
				4A0146E528D4942B0065A7C0 /* MatchDetailTableViewAdapter.swift */,
			);
			path = Adapter;
			sourceTree = "<group>";
		};
		4A0146DB28D4915F0065A7C0 /* Views */ = {
			isa = PBXGroup;
			children = (
				4A0146E728D495260065A7C0 /* TeamsScoreCell.swift */,
				4A0146E928D4953C0065A7C0 /* TeamsScoreCell.xib */,
			);
			path = Views;
			sourceTree = "<group>";
		};
		4A0146DC28D4916B0065A7C0 /* ViewModel */ = {
			isa = PBXGroup;
			children = (
			);
			path = ViewModel;
			sourceTree = "<group>";
		};
		4A0146DE28D4917B0065A7C0 /* Model */ = {
			isa = PBXGroup;
			children = (
			);
			path = Model;
			sourceTree = "<group>";
		};
		4A0146DF28D491820065A7C0 /* Delegate */ = {
			isa = PBXGroup;
			children = (
				4A0146E328D4924A0065A7C0 /* MatchDetailViewModelDelegate.swift */,
			);
			path = Delegate;
			sourceTree = "<group>";
		};
		4A0146E028D491870065A7C0 /* ViewController */ = {
			isa = PBXGroup;
			children = (
				4A0146E128D491980065A7C0 /* MatchDetailViewController.swift */,
			);
			path = ViewController;
			sourceTree = "<group>";
		};
		4A0146EB28D49B4C0065A7C0 /* Generics */ = {
			isa = PBXGroup;
			children = (
				4A5005EA28BAA7C9003ED3C6 /* Views */,
				4A50060328BC1A4E003ED3C6 /* TabBar */,
				4A5005E828BA8655003ED3C6 /* UIViewController+Generics.swift */,
			);
			path = Generics;
			sourceTree = "<group>";
		};
		4A3CC0AF28D911F300426AEE /* Model */ = {
			isa = PBXGroup;
			children = (
				4A3CC0B028D9120F00426AEE /* LeaguesUIItem.swift */,
			);
			path = Model;
			sourceTree = "<group>";
		};
		4A3CC0B428D9251A00426AEE /* LeagueDetailViewController */ = {
			isa = PBXGroup;
			children = (
				4A3CC0C328D927C000426AEE /* ViewController */,
				4A3CC0BB28D9258C00426AEE /* Model */,
				4A3CC0BA28D9257900426AEE /* View */,
				4A3CC0B928D9257100426AEE /* Delegate */,
				4A3CC0B828D9256A00426AEE /* ViewModel */,
				4A3CC0B728D9256400426AEE /* Adapter */,
			);
			path = LeagueDetailViewController;
			sourceTree = "<group>";
		};
		4A3CC0B728D9256400426AEE /* Adapter */ = {
			isa = PBXGroup;
			children = (
				4A3CC0BC28D9259E00426AEE /* LeagueDetailTableViewAdapter.swift */,
			);
			path = Adapter;
			sourceTree = "<group>";
		};
		4A3CC0B828D9256A00426AEE /* ViewModel */ = {
			isa = PBXGroup;
			children = (
				4A9609A228D9EA4900BE93E5 /* LeagueDetailViewModel.swift */,
			);
			path = ViewModel;
			sourceTree = "<group>";
		};
		4A3CC0B928D9257100426AEE /* Delegate */ = {
			isa = PBXGroup;
			children = (
				4A9609A428D9EAC600BE93E5 /* LeagueDetailViewModelDelegate.swift */,
			);
			path = Delegate;
			sourceTree = "<group>";
		};
		4A3CC0BA28D9257900426AEE /* View */ = {
			isa = PBXGroup;
			children = (
				4A3CC0BE28D9267400426AEE /* LeaguePositionCell.swift */,
				4A3CC0C028D9268000426AEE /* LeaguePositionCell.xib */,
				4A9609A628D9F0A400BE93E5 /* LeagueTableHeaderCell.swift */,
				4A9609A828D9F0B100BE93E5 /* LeagueTableHeaderCell.xib */,
				4A9609B028DA5F7400BE93E5 /* LeagueDetailScoreCell.swift */,
				4A9609AE28DA5F6D00BE93E5 /* LeagueDetailScoreCell.xib */,
				4A84C43828DB2E9500B5CE82 /* PositionSectionHeaderView.swift */,
				4A84C43A28DB2EA300B5CE82 /* PositionSectionHeaderView.xib */,
			);
			path = View;
			sourceTree = "<group>";
		};
		4A3CC0BB28D9258C00426AEE /* Model */ = {
			isa = PBXGroup;
			children = (
				4A9609A028D9E86600BE93E5 /* LeagueDetailUIItem.swift */,
			);
			path = Model;
			sourceTree = "<group>";
		};
		4A3CC0C228D927B200426AEE /* ViewController */ = {
			isa = PBXGroup;
			children = (
				4AFF875E28C7C6D000C2EA76 /* LeaguesViewController.swift */,
			);
			path = ViewController;
			sourceTree = "<group>";
		};
		4A3CC0C328D927C000426AEE /* ViewController */ = {
			isa = PBXGroup;
			children = (
				4A3CC0B528D9252200426AEE /* LeagueDetailViewController.swift */,
			);
			path = ViewController;
			sourceTree = "<group>";
		};
		4A48FB8828D8EC9F004D4CB9 /* Adapter */ = {
			isa = PBXGroup;
			children = (
				4A48FB8928D8ECB0004D4CB9 /* LeaguesTableViewAdapter.swift */,
			);
			path = Adapter;
			sourceTree = "<group>";
		};
		4A48FB8B28D8ED10004D4CB9 /* ViewModel */ = {
			isa = PBXGroup;
			children = (
				4A48FB8C28D8ED25004D4CB9 /* LeaguesViewModel.swift */,
			);
			path = ViewModel;
			sourceTree = "<group>";
		};
		4A48FB9028D8ED8D004D4CB9 /* Views */ = {
			isa = PBXGroup;
			children = (
				4A48FB8E28D8ED88004D4CB9 /* LeagueCell.swift */,
				4A48FB9128D8ED9C004D4CB9 /* LeagueCell.xib */,
			);
			path = Views;
			sourceTree = "<group>";
		};
		4A50059028BA2ED2003ED3C6 = {
			isa = PBXGroup;
			children = (
				4A50059B28BA2ED2003ED3C6 /* ExampleApp */,
				4A5005B228BA2ED4003ED3C6 /* ExampleAppTests */,
				4A5005BC28BA2ED4003ED3C6 /* ExampleAppUITests */,
				4A50059A28BA2ED2003ED3C6 /* Products */,
				FD6235CD827B34EF693F0A52 /* Pods */,
				BD925431FE236A55A100BAA0 /* Frameworks */,
			);
			sourceTree = "<group>";
		};
		4A50059A28BA2ED2003ED3C6 /* Products */ = {
			isa = PBXGroup;
			children = (
				4A50059928BA2ED2003ED3C6 /* ExampleApp.app */,
				4A5005AF28BA2ED4003ED3C6 /* ExampleAppTests.xctest */,
				4A5005B928BA2ED4003ED3C6 /* ExampleAppUITests.xctest */,
			);
			name = Products;
			sourceTree = "<group>";
		};
		4A50059B28BA2ED2003ED3C6 /* ExampleApp */ = {
			isa = PBXGroup;
			children = (
				4A0146CF28D3C9E00065A7C0 /* Localizable.strings */,
				4A5005D728BA4106003ED3C6 /* GoogleService-Info.plist */,
				4A5005E528BA83C9003ED3C6 /* Extensions */,
				4A5005D428BA3802003ED3C6 /* Manager */,
				4A5005CC28BA2F06003ED3C6 /* UI */,
				4A50059C28BA2ED2003ED3C6 /* AppDelegate.swift */,
				4A50059E28BA2ED2003ED3C6 /* SceneDelegate.swift */,
				4A5005A528BA2ED3003ED3C6 /* Assets.xcassets */,
				4A5005A728BA2ED3003ED3C6 /* LaunchScreen.storyboard */,
				4A5005AA28BA2ED3003ED3C6 /* Info.plist */,
			);
			path = ExampleApp;
			sourceTree = "<group>";
		};
		4A5005B228BA2ED4003ED3C6 /* ExampleAppTests */ = {
			isa = PBXGroup;
			children = (
				4A5005B328BA2ED4003ED3C6 /* ExampleAppTests.swift */,
			);
			path = ExampleAppTests;
			sourceTree = "<group>";
		};
		4A5005BC28BA2ED4003ED3C6 /* ExampleAppUITests */ = {
			isa = PBXGroup;
			children = (
				4A5005BD28BA2ED4003ED3C6 /* ExampleAppUITests.swift */,
				4A5005BF28BA2ED4003ED3C6 /* ExampleAppUITestsLaunchTests.swift */,
			);
			path = ExampleAppUITests;
			sourceTree = "<group>";
		};
		4A5005CC28BA2F06003ED3C6 /* UI */ = {
			isa = PBXGroup;
			children = (
				4A0146EB28D49B4C0065A7C0 /* Generics */,
				4A5005CD28BA2F0E003ED3C6 /* Scenes */,
			);
			path = UI;
			sourceTree = "<group>";
		};
		4A5005CD28BA2F0E003ED3C6 /* Scenes */ = {
			isa = PBXGroup;
			children = (
				4AFF875A28C7C66300C2EA76 /* Leagues */,
				4A50060828BC216A003ED3C6 /* Profile */,
				4A5005DF28BA50C4003ED3C6 /* Matches */,
				4A5005CE28BA2F1D003ED3C6 /* Login */,
			);
			path = Scenes;
			sourceTree = "<group>";
		};
		4A5005CE28BA2F1D003ED3C6 /* Login */ = {
			isa = PBXGroup;
			children = (
				4A5005CF28BA2F24003ED3C6 /* ViewController */,
				4A5005D028BA2F36003ED3C6 /* LoginViewController.storyboard */,
			);
			path = Login;
			sourceTree = "<group>";
		};
		4A5005CF28BA2F24003ED3C6 /* ViewController */ = {
			isa = PBXGroup;
			children = (
				4A5005D228BA2F42003ED3C6 /* LoginViewController.swift */,
			);
			path = ViewController;
			sourceTree = "<group>";
		};
		4A5005D428BA3802003ED3C6 /* Manager */ = {
			isa = PBXGroup;
			children = (
				4A5005D528BA3811003ED3C6 /* GoogleConfig.swift */,
			);
			path = Manager;
			sourceTree = "<group>";
		};
		4A5005DF28BA50C4003ED3C6 /* Matches */ = {
			isa = PBXGroup;
			children = (
				4A0146D928D491340065A7C0 /* MatchDetailViewController */,
				4A0146D828D491230065A7C0 /* HomeViewController */,
				4A5005E328BA50E7003ED3C6 /* HomeViewController.storyboard */,
			);
			path = Matches;
			sourceTree = "<group>";
		};
		4A5005E028BA50CC003ED3C6 /* ViewController */ = {
			isa = PBXGroup;
			children = (
				4A5005E128BA50DD003ED3C6 /* HomeViewController.swift */,
			);
			path = ViewController;
			sourceTree = "<group>";
		};
		4A5005E528BA83C9003ED3C6 /* Extensions */ = {
			isa = PBXGroup;
			children = (
				4A5005FC28BB9EC7003ED3C6 /* UIView+LoadFromNib.swift */,
				4A65686528BD0ADD003E3E4F /* UITableView+Extension.swift */,
				4A65686728BD0EB3003E3E4F /* UIImageView+Download.swift */,
				4A8C865D28D11DCA004A82AB /* Array+Unique.swift */,
			);
			path = Extensions;
			sourceTree = "<group>";
		};
		4A5005EA28BAA7C9003ED3C6 /* Views */ = {
			isa = PBXGroup;
			children = (
				4A5005F628BABC1D003ED3C6 /* ErrorView */,
				4A5005EF28BAA95E003ED3C6 /* LoadingView */,
			);
			path = Views;
			sourceTree = "<group>";
		};
		4A5005EF28BAA95E003ED3C6 /* LoadingView */ = {
			isa = PBXGroup;
			children = (
				4A5005F228BAB255003ED3C6 /* LoadingView.swift */,
				4A5005F428BAB264003ED3C6 /* LoadingView.xib */,
			);
			path = LoadingView;
			sourceTree = "<group>";
		};
		4A5005F628BABC1D003ED3C6 /* ErrorView */ = {
			isa = PBXGroup;
			children = (
				4A65686128BD08FB003E3E4F /* Delegate */,
				4A5005F728BABC34003ED3C6 /* ErrorView.swift */,
				4A5005F928BABC3C003ED3C6 /* ErrorView.xib */,
			);
			path = ErrorView;
			sourceTree = "<group>";
		};
		4A50060328BC1A4E003ED3C6 /* TabBar */ = {
			isa = PBXGroup;
			children = (
				4A50060628BC1EEA003ED3C6 /* TabBarViewController.swift */,
			);
			path = TabBar;
			sourceTree = "<group>";
		};
		4A50060828BC216A003ED3C6 /* Profile */ = {
			isa = PBXGroup;
			children = (
				4AFF874128C6799C00C2EA76 /* Delegate */,
				4A65688228C36A66003E3E4F /* Model */,
				4A65687F28C36899003E3E4F /* ViewModel */,
				4A65687A28C36431003E3E4F /* Views */,
				4A65687728C363A2003E3E4F /* Adapter */,
				4A50060928BC2171003ED3C6 /* ProfileViewController */,
				4A50060C28BC218D003ED3C6 /* ProfileViewController.storyboard */,
			);
			path = Profile;
			sourceTree = "<group>";
		};
		4A50060928BC2171003ED3C6 /* ProfileViewController */ = {
			isa = PBXGroup;
			children = (
				4A50060A28BC217F003ED3C6 /* ProfileViewController.swift */,
			);
			path = ProfileViewController;
			sourceTree = "<group>";
		};
		4A65686128BD08FB003E3E4F /* Delegate */ = {
			isa = PBXGroup;
			children = (
				4A65686228BD0913003E3E4F /* ErrorViewDelegate.swift */,
			);
			path = Delegate;
			sourceTree = "<group>";
		};
		4A65687728C363A2003E3E4F /* Adapter */ = {
			isa = PBXGroup;
			children = (
				4A65687828C363C0003E3E4F /* ProfileTableViewAdapter.swift */,
			);
			path = Adapter;
			sourceTree = "<group>";
		};
		4A65687A28C36431003E3E4F /* Views */ = {
			isa = PBXGroup;
			children = (
				4A65687B28C36488003E3E4F /* ProfileNameCell.swift */,
				4A65687D28C36494003E3E4F /* ProfileNameCell.xib */,
				4A65688528C3701A003E3E4F /* ProfileOptionCell.swift */,
				4A65688728C37024003E3E4F /* ProfileOptionCell.xib */,
			);
			path = Views;
			sourceTree = "<group>";
		};
		4A65687F28C36899003E3E4F /* ViewModel */ = {
			isa = PBXGroup;
			children = (
				4A65688028C368B4003E3E4F /* ProfileViewModel.swift */,
			);
			path = ViewModel;
			sourceTree = "<group>";
		};
		4A65688228C36A66003E3E4F /* Model */ = {
			isa = PBXGroup;
			children = (
				4A65688328C36A7C003E3E4F /* ProfileUIITems.swift */,
			);
			path = Model;
			sourceTree = "<group>";
		};
		4A6F48D128D90FFC00A85BE3 /* Delegate */ = {
			isa = PBXGroup;
			children = (
				4A3CC0AD28D9115E00426AEE /* LeaguesViewModelDelegate.swift */,
				4A3CC0B228D9191900426AEE /* LeaguesAdapterDelegate.swift */,
			);
			path = Delegate;
			sourceTree = "<group>";
		};
		4AFF874128C6799C00C2EA76 /* Delegate */ = {
			isa = PBXGroup;
			children = (
				4AFF874328C679BF00C2EA76 /* ProfileViewModelDelegate.swift */,
				4AFF874528C68F1100C2EA76 /* ProfileAdapterDelegate.swift */,
			);
			path = Delegate;
			sourceTree = "<group>";
		};
		4AFF874728C7ADCF00C2EA76 /* Delegate */ = {
			isa = PBXGroup;
			children = (
				4AFF874E28C7AEC700C2EA76 /* HomeViewModelDelegate.swift */,
				4AFF875828C7C3C400C2EA76 /* HomeAdapterDelegate.swift */,
				4A4B272128E3A56400A1AD4A /* LeagueHeaderSectionDelegate.swift */,
			);
			path = Delegate;
			sourceTree = "<group>";
		};
		4AFF874828C7ADD500C2EA76 /* Model */ = {
			isa = PBXGroup;
			children = (
				4AFF875028C7AF1600C2EA76 /* HomeUIItem.swift */,
			);
			path = Model;
			sourceTree = "<group>";
		};
		4AFF874928C7ADDB00C2EA76 /* ViewModel */ = {
			isa = PBXGroup;
			children = (
				4AFF874C28C7ADFE00C2EA76 /* HomeViewModel.swift */,
			);
			path = ViewModel;
			sourceTree = "<group>";
		};
		4AFF874A28C7ADE100C2EA76 /* Views */ = {
			isa = PBXGroup;
			children = (
				4ACA247828CFA9C5008A98AC /* MatchCell.swift */,
				4ACA247A28CFA9D7008A98AC /* MatchCell.xib */,
				4ACA247C28CFBAFC008A98AC /* LeagueHeaderSection.swift */,
				4ACA247E28CFBB08008A98AC /* LeagueHeaderSection.xib */,
				4A0146BF28D340EF0065A7C0 /* NoMatchesCell.swift */,
				4A0146C128D340F70065A7C0 /* NoMatchesCell.xib */,
			);
			path = Views;
			sourceTree = "<group>";
		};
		4AFF874B28C7ADE700C2EA76 /* Adapter */ = {
			isa = PBXGroup;
			children = (
				4AFF875228C7B01E00C2EA76 /* HomeTableViewAdapter.swift */,
			);
			path = Adapter;
			sourceTree = "<group>";
		};
		4AFF875A28C7C66300C2EA76 /* Leagues */ = {
			isa = PBXGroup;
			children = (
				4A3CC0B428D9251A00426AEE /* LeagueDetailViewController */,
				4AFF875B28C7C6AC00C2EA76 /* LeaguesViewController */,
				4AFF875C28C7C6BF00C2EA76 /* LeaguesViewController.storyboard */,
			);
			path = Leagues;
			sourceTree = "<group>";
		};
		4AFF875B28C7C6AC00C2EA76 /* LeaguesViewController */ = {
			isa = PBXGroup;
			children = (
				4A3CC0C228D927B200426AEE /* ViewController */,
				4A3CC0AF28D911F300426AEE /* Model */,
				4A6F48D128D90FFC00A85BE3 /* Delegate */,
				4A48FB9028D8ED8D004D4CB9 /* Views */,
				4A48FB8B28D8ED10004D4CB9 /* ViewModel */,
				4A48FB8828D8EC9F004D4CB9 /* Adapter */,
			);
			path = LeaguesViewController;
			sourceTree = "<group>";
		};
		BD925431FE236A55A100BAA0 /* Frameworks */ = {
			isa = PBXGroup;
			children = (
				25D8BF13D8CD3975F5D80B25 /* Pods_ExampleApp.framework */,
				3BE2D57A6E2C23CC7AAC19B8 /* Pods_ExampleApp_ExampleAppUITests.framework */,
				33A0268C072C3835B4A28C26 /* Pods_ExampleAppTests.framework */,
			);
			name = Frameworks;
			sourceTree = "<group>";
		};
		FD6235CD827B34EF693F0A52 /* Pods */ = {
			isa = PBXGroup;
			children = (
				F817F626CC81FE8BE2A87EF0 /* Pods-ExampleApp.debug.xcconfig */,
				CC10809CB9425E0EC81BD569 /* Pods-ExampleApp.release.xcconfig */,
				D9947A34CF7AC1F9617EF5A3 /* Pods-ExampleApp-ExampleAppUITests.debug.xcconfig */,
				8586D76107B153A38A0700A1 /* Pods-ExampleApp-ExampleAppUITests.release.xcconfig */,
				C0C78A0A84882C4F7B8767B0 /* Pods-ExampleAppTests.debug.xcconfig */,
				D44CC8660D03EFFAAE3FDDA0 /* Pods-ExampleAppTests.release.xcconfig */,
			);
			path = Pods;
			sourceTree = "<group>";
		};
/* End PBXGroup section */

/* Begin PBXNativeTarget section */
		4A50059828BA2ED2003ED3C6 /* ExampleApp */ = {
			isa = PBXNativeTarget;
			buildConfigurationList = 4A5005C328BA2ED4003ED3C6 /* Build configuration list for PBXNativeTarget "ExampleApp" */;
			buildPhases = (
				BC6FCA7A47C9822CB26184F3 /* [CP] Check Pods Manifest.lock */,
				4A50059528BA2ED2003ED3C6 /* Sources */,
				4A50059628BA2ED2003ED3C6 /* Frameworks */,
				4A50059728BA2ED2003ED3C6 /* Resources */,
				CF57AF7398D3E68222D700A2 /* [CP] Embed Pods Frameworks */,
			);
			buildRules = (
			);
			dependencies = (
			);
			name = ExampleApp;
			productName = ExampleApp;
			productReference = 4A50059928BA2ED2003ED3C6 /* ExampleApp.app */;
			productType = "com.apple.product-type.application";
		};
		4A5005AE28BA2ED4003ED3C6 /* ExampleAppTests */ = {
			isa = PBXNativeTarget;
			buildConfigurationList = 4A5005C628BA2ED4003ED3C6 /* Build configuration list for PBXNativeTarget "ExampleAppTests" */;
			buildPhases = (
				B75DAA0806DECBD473F42BF4 /* [CP] Check Pods Manifest.lock */,
				4A5005AB28BA2ED4003ED3C6 /* Sources */,
				4A5005AC28BA2ED4003ED3C6 /* Frameworks */,
				4A5005AD28BA2ED4003ED3C6 /* Resources */,
			);
			buildRules = (
			);
			dependencies = (
				4A5005B128BA2ED4003ED3C6 /* PBXTargetDependency */,
			);
			name = ExampleAppTests;
			productName = ExampleAppTests;
			productReference = 4A5005AF28BA2ED4003ED3C6 /* ExampleAppTests.xctest */;
			productType = "com.apple.product-type.bundle.unit-test";
		};
		4A5005B828BA2ED4003ED3C6 /* ExampleAppUITests */ = {
			isa = PBXNativeTarget;
			buildConfigurationList = 4A5005C928BA2ED4003ED3C6 /* Build configuration list for PBXNativeTarget "ExampleAppUITests" */;
			buildPhases = (
				BC2B9CBB5D9BAA16C34C93F2 /* [CP] Check Pods Manifest.lock */,
				4A5005B528BA2ED4003ED3C6 /* Sources */,
				4A5005B628BA2ED4003ED3C6 /* Frameworks */,
				4A5005B728BA2ED4003ED3C6 /* Resources */,
				7FB77E9509CD0A08B900697B /* [CP] Embed Pods Frameworks */,
			);
			buildRules = (
			);
			dependencies = (
				4A5005BB28BA2ED4003ED3C6 /* PBXTargetDependency */,
			);
			name = ExampleAppUITests;
			productName = ExampleAppUITests;
			productReference = 4A5005B928BA2ED4003ED3C6 /* ExampleAppUITests.xctest */;
			productType = "com.apple.product-type.bundle.ui-testing";
		};
/* End PBXNativeTarget section */

/* Begin PBXProject section */
		4A50059128BA2ED2003ED3C6 /* Project object */ = {
			isa = PBXProject;
			attributes = {
				BuildIndependentTargetsInParallel = 1;
				LastSwiftUpdateCheck = 1330;
				LastUpgradeCheck = 1330;
				TargetAttributes = {
					4A50059828BA2ED2003ED3C6 = {
						CreatedOnToolsVersion = 13.3.1;
					};
					4A5005AE28BA2ED4003ED3C6 = {
						CreatedOnToolsVersion = 13.3.1;
						TestTargetID = 4A50059828BA2ED2003ED3C6;
					};
					4A5005B828BA2ED4003ED3C6 = {
						CreatedOnToolsVersion = 13.3.1;
						TestTargetID = 4A50059828BA2ED2003ED3C6;
					};
				};
			};
			buildConfigurationList = 4A50059428BA2ED2003ED3C6 /* Build configuration list for PBXProject "ExampleApp" */;
			compatibilityVersion = "Xcode 13.0";
			developmentRegion = en;
			hasScannedForEncodings = 0;
			knownRegions = (
				en,
				Base,
				es,
				it,
			);
			mainGroup = 4A50059028BA2ED2003ED3C6;
			productRefGroup = 4A50059A28BA2ED2003ED3C6 /* Products */;
			projectDirPath = "";
			projectRoot = "";
			targets = (
				4A50059828BA2ED2003ED3C6 /* ExampleApp */,
				4A5005AE28BA2ED4003ED3C6 /* ExampleAppTests */,
				4A5005B828BA2ED4003ED3C6 /* ExampleAppUITests */,
			);
		};
/* End PBXProject section */

/* Begin PBXResourcesBuildPhase section */
		4A50059728BA2ED2003ED3C6 /* Resources */ = {
			isa = PBXResourcesBuildPhase;
			buildActionMask = 2147483647;
			files = (
				4A5005A928BA2ED3003ED3C6 /* LaunchScreen.storyboard in Resources */,
				4A5005D128BA2F36003ED3C6 /* LoginViewController.storyboard in Resources */,
				4A5005E428BA50E7003ED3C6 /* HomeViewController.storyboard in Resources */,
				4A0146C228D340F70065A7C0 /* NoMatchesCell.xib in Resources */,
				4A84C43B28DB2EA300B5CE82 /* PositionSectionHeaderView.xib in Resources */,
				4A5005FA28BABC3C003ED3C6 /* ErrorView.xib in Resources */,
				4A5005D828BA4106003ED3C6 /* GoogleService-Info.plist in Resources */,
				4A65688828C37024003E3E4F /* ProfileOptionCell.xib in Resources */,
				4A3CC0C128D9268000426AEE /* LeaguePositionCell.xib in Resources */,
				4A5005F528BAB264003ED3C6 /* LoadingView.xib in Resources */,
				4A9609A928D9F0B100BE93E5 /* LeagueTableHeaderCell.xib in Resources */,
				4A48FB9228D8ED9C004D4CB9 /* LeagueCell.xib in Resources */,
				4A9609AF28DA5F6D00BE93E5 /* LeagueDetailScoreCell.xib in Resources */,
				4ACA247F28CFBB08008A98AC /* LeagueHeaderSection.xib in Resources */,
				4A0146EA28D4953C0065A7C0 /* TeamsScoreCell.xib in Resources */,
				4A5005A628BA2ED3003ED3C6 /* Assets.xcassets in Resources */,
				4A65687E28C36494003E3E4F /* ProfileNameCell.xib in Resources */,
				4AFF875D28C7C6BF00C2EA76 /* LeaguesViewController.storyboard in Resources */,
				4A50060D28BC218D003ED3C6 /* ProfileViewController.storyboard in Resources */,
				4A0146CD28D3C9E00065A7C0 /* Localizable.strings in Resources */,
				4ACA247B28CFA9D7008A98AC /* MatchCell.xib in Resources */,
			);
			runOnlyForDeploymentPostprocessing = 0;
		};
		4A5005AD28BA2ED4003ED3C6 /* Resources */ = {
			isa = PBXResourcesBuildPhase;
			buildActionMask = 2147483647;
			files = (
			);
			runOnlyForDeploymentPostprocessing = 0;
		};
		4A5005B728BA2ED4003ED3C6 /* Resources */ = {
			isa = PBXResourcesBuildPhase;
			buildActionMask = 2147483647;
			files = (
			);
			runOnlyForDeploymentPostprocessing = 0;
		};
/* End PBXResourcesBuildPhase section */

/* Begin PBXShellScriptBuildPhase section */
		7FB77E9509CD0A08B900697B /* [CP] Embed Pods Frameworks */ = {
			isa = PBXShellScriptBuildPhase;
			buildActionMask = 2147483647;
			files = (
			);
			inputFileListPaths = (
				"${PODS_ROOT}/Target Support Files/Pods-ExampleApp-ExampleAppUITests/Pods-ExampleApp-ExampleAppUITests-frameworks-${CONFIGURATION}-input-files.xcfilelist",
			);
			name = "[CP] Embed Pods Frameworks";
			outputFileListPaths = (
				"${PODS_ROOT}/Target Support Files/Pods-ExampleApp-ExampleAppUITests/Pods-ExampleApp-ExampleAppUITests-frameworks-${CONFIGURATION}-output-files.xcfilelist",
			);
			runOnlyForDeploymentPostprocessing = 0;
			shellPath = /bin/sh;
			shellScript = "\"${PODS_ROOT}/Target Support Files/Pods-ExampleApp-ExampleAppUITests/Pods-ExampleApp-ExampleAppUITests-frameworks.sh\"\n";
			showEnvVarsInLog = 0;
		};
		B75DAA0806DECBD473F42BF4 /* [CP] Check Pods Manifest.lock */ = {
			isa = PBXShellScriptBuildPhase;
			buildActionMask = 2147483647;
			files = (
			);
			inputFileListPaths = (
			);
			inputPaths = (
				"${PODS_PODFILE_DIR_PATH}/Podfile.lock",
				"${PODS_ROOT}/Manifest.lock",
			);
			name = "[CP] Check Pods Manifest.lock";
			outputFileListPaths = (
			);
			outputPaths = (
				"$(DERIVED_FILE_DIR)/Pods-ExampleAppTests-checkManifestLockResult.txt",
			);
			runOnlyForDeploymentPostprocessing = 0;
			shellPath = /bin/sh;
			shellScript = "diff \"${PODS_PODFILE_DIR_PATH}/Podfile.lock\" \"${PODS_ROOT}/Manifest.lock\" > /dev/null\nif [ $? != 0 ] ; then\n    # print error to STDERR\n    echo \"error: The sandbox is not in sync with the Podfile.lock. Run 'pod install' or update your CocoaPods installation.\" >&2\n    exit 1\nfi\n# This output is used by Xcode 'outputs' to avoid re-running this script phase.\necho \"SUCCESS\" > \"${SCRIPT_OUTPUT_FILE_0}\"\n";
			showEnvVarsInLog = 0;
		};
		BC2B9CBB5D9BAA16C34C93F2 /* [CP] Check Pods Manifest.lock */ = {
			isa = PBXShellScriptBuildPhase;
			buildActionMask = 2147483647;
			files = (
			);
			inputFileListPaths = (
			);
			inputPaths = (
				"${PODS_PODFILE_DIR_PATH}/Podfile.lock",
				"${PODS_ROOT}/Manifest.lock",
			);
			name = "[CP] Check Pods Manifest.lock";
			outputFileListPaths = (
			);
			outputPaths = (
				"$(DERIVED_FILE_DIR)/Pods-ExampleApp-ExampleAppUITests-checkManifestLockResult.txt",
			);
			runOnlyForDeploymentPostprocessing = 0;
			shellPath = /bin/sh;
			shellScript = "diff \"${PODS_PODFILE_DIR_PATH}/Podfile.lock\" \"${PODS_ROOT}/Manifest.lock\" > /dev/null\nif [ $? != 0 ] ; then\n    # print error to STDERR\n    echo \"error: The sandbox is not in sync with the Podfile.lock. Run 'pod install' or update your CocoaPods installation.\" >&2\n    exit 1\nfi\n# This output is used by Xcode 'outputs' to avoid re-running this script phase.\necho \"SUCCESS\" > \"${SCRIPT_OUTPUT_FILE_0}\"\n";
			showEnvVarsInLog = 0;
		};
		BC6FCA7A47C9822CB26184F3 /* [CP] Check Pods Manifest.lock */ = {
			isa = PBXShellScriptBuildPhase;
			buildActionMask = 2147483647;
			files = (
			);
			inputFileListPaths = (
			);
			inputPaths = (
				"${PODS_PODFILE_DIR_PATH}/Podfile.lock",
				"${PODS_ROOT}/Manifest.lock",
			);
			name = "[CP] Check Pods Manifest.lock";
			outputFileListPaths = (
			);
			outputPaths = (
				"$(DERIVED_FILE_DIR)/Pods-ExampleApp-checkManifestLockResult.txt",
			);
			runOnlyForDeploymentPostprocessing = 0;
			shellPath = /bin/sh;
			shellScript = "diff \"${PODS_PODFILE_DIR_PATH}/Podfile.lock\" \"${PODS_ROOT}/Manifest.lock\" > /dev/null\nif [ $? != 0 ] ; then\n    # print error to STDERR\n    echo \"error: The sandbox is not in sync with the Podfile.lock. Run 'pod install' or update your CocoaPods installation.\" >&2\n    exit 1\nfi\n# This output is used by Xcode 'outputs' to avoid re-running this script phase.\necho \"SUCCESS\" > \"${SCRIPT_OUTPUT_FILE_0}\"\n";
			showEnvVarsInLog = 0;
		};
		CF57AF7398D3E68222D700A2 /* [CP] Embed Pods Frameworks */ = {
			isa = PBXShellScriptBuildPhase;
			buildActionMask = 2147483647;
			files = (
			);
			inputFileListPaths = (
				"${PODS_ROOT}/Target Support Files/Pods-ExampleApp/Pods-ExampleApp-frameworks-${CONFIGURATION}-input-files.xcfilelist",
			);
			name = "[CP] Embed Pods Frameworks";
			outputFileListPaths = (
				"${PODS_ROOT}/Target Support Files/Pods-ExampleApp/Pods-ExampleApp-frameworks-${CONFIGURATION}-output-files.xcfilelist",
			);
			runOnlyForDeploymentPostprocessing = 0;
			shellPath = /bin/sh;
			shellScript = "\"${PODS_ROOT}/Target Support Files/Pods-ExampleApp/Pods-ExampleApp-frameworks.sh\"\n";
			showEnvVarsInLog = 0;
		};
/* End PBXShellScriptBuildPhase section */

/* Begin PBXSourcesBuildPhase section */
		4A50059528BA2ED2003ED3C6 /* Sources */ = {
			isa = PBXSourcesBuildPhase;
			buildActionMask = 2147483647;
			files = (
				4A9609A528D9EAC600BE93E5 /* LeagueDetailViewModelDelegate.swift in Sources */,
				4A65688428C36A7C003E3E4F /* ProfileUIITems.swift in Sources */,
				4A65688628C3701A003E3E4F /* ProfileOptionCell.swift in Sources */,
				4AFF875328C7B01E00C2EA76 /* HomeTableViewAdapter.swift in Sources */,
				4A3CC0BF28D9267400426AEE /* LeaguePositionCell.swift in Sources */,
				4A3CC0AE28D9115E00426AEE /* LeaguesViewModelDelegate.swift in Sources */,
				4A9609A128D9E86600BE93E5 /* LeagueDetailUIItem.swift in Sources */,
				4A5005D328BA2F42003ED3C6 /* LoginViewController.swift in Sources */,
				4ACA247D28CFBAFC008A98AC /* LeagueHeaderSection.swift in Sources */,
				4A65686328BD0913003E3E4F /* ErrorViewDelegate.swift in Sources */,
				4AFF874F28C7AEC700C2EA76 /* HomeViewModelDelegate.swift in Sources */,
				4AFF874628C68F1100C2EA76 /* ProfileAdapterDelegate.swift in Sources */,
				4A5005F328BAB255003ED3C6 /* LoadingView.swift in Sources */,
				4A9609B128DA5F7400BE93E5 /* LeagueDetailScoreCell.swift in Sources */,
				4AFF875128C7AF1600C2EA76 /* HomeUIItem.swift in Sources */,
				4A48FB8D28D8ED25004D4CB9 /* LeaguesViewModel.swift in Sources */,
				4A50060728BC1EEA003ED3C6 /* TabBarViewController.swift in Sources */,
				4A65688128C368B4003E3E4F /* ProfileViewModel.swift in Sources */,
				4AFF875928C7C3C400C2EA76 /* HomeAdapterDelegate.swift in Sources */,
				4A65687C28C36488003E3E4F /* ProfileNameCell.swift in Sources */,
				4A3CC0B628D9252200426AEE /* LeagueDetailViewController.swift in Sources */,
				4A8C865E28D11DCA004A82AB /* Array+Unique.swift in Sources */,
				4A3CC0B128D9120F00426AEE /* LeaguesUIItem.swift in Sources */,
				4A65686628BD0ADD003E3E4F /* UITableView+Extension.swift in Sources */,
				4AFF874428C679BF00C2EA76 /* ProfileViewModelDelegate.swift in Sources */,
				4A0146E828D495260065A7C0 /* TeamsScoreCell.swift in Sources */,
				4A65687928C363C0003E3E4F /* ProfileTableViewAdapter.swift in Sources */,
				4A9609A728D9F0A400BE93E5 /* LeagueTableHeaderCell.swift in Sources */,
				4A5005E228BA50DD003ED3C6 /* HomeViewController.swift in Sources */,
				4AFF875F28C7C6D000C2EA76 /* LeaguesViewController.swift in Sources */,
				4A3CC0B328D9191900426AEE /* LeaguesAdapterDelegate.swift in Sources */,
				4A0146C028D340EF0065A7C0 /* NoMatchesCell.swift in Sources */,
				4A48FB8A28D8ECB0004D4CB9 /* LeaguesTableViewAdapter.swift in Sources */,
				4A50059D28BA2ED2003ED3C6 /* AppDelegate.swift in Sources */,
				4A50059F28BA2ED2003ED3C6 /* SceneDelegate.swift in Sources */,
				4A84C43928DB2E9500B5CE82 /* PositionSectionHeaderView.swift in Sources */,
				4A4B272228E3A56400A1AD4A /* LeagueHeaderSectionDelegate.swift in Sources */,
				4ACA247928CFA9C5008A98AC /* MatchCell.swift in Sources */,
				4A0146E628D4942B0065A7C0 /* MatchDetailTableViewAdapter.swift in Sources */,
				4A5005FD28BB9EC7003ED3C6 /* UIView+LoadFromNib.swift in Sources */,
				4A0146E228D491980065A7C0 /* MatchDetailViewController.swift in Sources */,
				4A65686828BD0EB3003E3E4F /* UIImageView+Download.swift in Sources */,
				4A0146E428D4924A0065A7C0 /* MatchDetailViewModelDelegate.swift in Sources */,
				4A9609A328D9EA4900BE93E5 /* LeagueDetailViewModel.swift in Sources */,
				4AFF874D28C7ADFE00C2EA76 /* HomeViewModel.swift in Sources */,
				4A5005E928BA8655003ED3C6 /* UIViewController+Generics.swift in Sources */,
				4A48FB8F28D8ED88004D4CB9 /* LeagueCell.swift in Sources */,
				4A50060B28BC217F003ED3C6 /* ProfileViewController.swift in Sources */,
				4A3CC0BD28D9259E00426AEE /* LeagueDetailTableViewAdapter.swift in Sources */,
				4A5005D628BA3811003ED3C6 /* GoogleConfig.swift in Sources */,
				4A5005F828BABC34003ED3C6 /* ErrorView.swift in Sources */,
			);
			runOnlyForDeploymentPostprocessing = 0;
		};
		4A5005AB28BA2ED4003ED3C6 /* Sources */ = {
			isa = PBXSourcesBuildPhase;
			buildActionMask = 2147483647;
			files = (
				4A5005B428BA2ED4003ED3C6 /* ExampleAppTests.swift in Sources */,
			);
			runOnlyForDeploymentPostprocessing = 0;
		};
		4A5005B528BA2ED4003ED3C6 /* Sources */ = {
			isa = PBXSourcesBuildPhase;
			buildActionMask = 2147483647;
			files = (
				4A5005BE28BA2ED4003ED3C6 /* ExampleAppUITests.swift in Sources */,
				4A5005C028BA2ED4003ED3C6 /* ExampleAppUITestsLaunchTests.swift in Sources */,
			);
			runOnlyForDeploymentPostprocessing = 0;
		};
/* End PBXSourcesBuildPhase section */

/* Begin PBXTargetDependency section */
		4A5005B128BA2ED4003ED3C6 /* PBXTargetDependency */ = {
			isa = PBXTargetDependency;
			target = 4A50059828BA2ED2003ED3C6 /* ExampleApp */;
			targetProxy = 4A5005B028BA2ED4003ED3C6 /* PBXContainerItemProxy */;
		};
		4A5005BB28BA2ED4003ED3C6 /* PBXTargetDependency */ = {
			isa = PBXTargetDependency;
			target = 4A50059828BA2ED2003ED3C6 /* ExampleApp */;
			targetProxy = 4A5005BA28BA2ED4003ED3C6 /* PBXContainerItemProxy */;
		};
/* End PBXTargetDependency section */

/* Begin PBXVariantGroup section */
		4A0146CF28D3C9E00065A7C0 /* Localizable.strings */ = {
			isa = PBXVariantGroup;
			children = (
				4A0146CE28D3C9E00065A7C0 /* en */,
				4A0146D228D3CA4E0065A7C0 /* es */,
				4A0146D328D3CA6D0065A7C0 /* it */,
			);
			name = Localizable.strings;
			sourceTree = "<group>";
		};
		4A5005A728BA2ED3003ED3C6 /* LaunchScreen.storyboard */ = {
			isa = PBXVariantGroup;
			children = (
				4A5005A828BA2ED3003ED3C6 /* Base */,
			);
			name = LaunchScreen.storyboard;
			sourceTree = "<group>";
		};
/* End PBXVariantGroup section */

/* Begin XCBuildConfiguration section */
		4A5005C128BA2ED4003ED3C6 /* Debug */ = {
			isa = XCBuildConfiguration;
			buildSettings = {
				ALWAYS_SEARCH_USER_PATHS = NO;
				CLANG_ANALYZER_LOCALIZABILITY_NONLOCALIZED = YES;
				CLANG_ANALYZER_NONNULL = YES;
				CLANG_ANALYZER_NUMBER_OBJECT_CONVERSION = YES_AGGRESSIVE;
				CLANG_CXX_LANGUAGE_STANDARD = "gnu++17";
				CLANG_ENABLE_MODULES = YES;
				CLANG_ENABLE_OBJC_ARC = YES;
				CLANG_ENABLE_OBJC_WEAK = YES;
				CLANG_WARN_BLOCK_CAPTURE_AUTORELEASING = YES;
				CLANG_WARN_BOOL_CONVERSION = YES;
				CLANG_WARN_COMMA = YES;
				CLANG_WARN_CONSTANT_CONVERSION = YES;
				CLANG_WARN_DEPRECATED_OBJC_IMPLEMENTATIONS = YES;
				CLANG_WARN_DIRECT_OBJC_ISA_USAGE = YES_ERROR;
				CLANG_WARN_DOCUMENTATION_COMMENTS = YES;
				CLANG_WARN_EMPTY_BODY = YES;
				CLANG_WARN_ENUM_CONVERSION = YES;
				CLANG_WARN_INFINITE_RECURSION = YES;
				CLANG_WARN_INT_CONVERSION = YES;
				CLANG_WARN_NON_LITERAL_NULL_CONVERSION = YES;
				CLANG_WARN_OBJC_IMPLICIT_RETAIN_SELF = YES;
				CLANG_WARN_OBJC_LITERAL_CONVERSION = YES;
				CLANG_WARN_OBJC_ROOT_CLASS = YES_ERROR;
				CLANG_WARN_QUOTED_INCLUDE_IN_FRAMEWORK_HEADER = YES;
				CLANG_WARN_RANGE_LOOP_ANALYSIS = YES;
				CLANG_WARN_STRICT_PROTOTYPES = YES;
				CLANG_WARN_SUSPICIOUS_MOVE = YES;
				CLANG_WARN_UNGUARDED_AVAILABILITY = YES_AGGRESSIVE;
				CLANG_WARN_UNREACHABLE_CODE = YES;
				CLANG_WARN__DUPLICATE_METHOD_MATCH = YES;
				COPY_PHASE_STRIP = NO;
				DEBUG_INFORMATION_FORMAT = dwarf;
				ENABLE_STRICT_OBJC_MSGSEND = YES;
				ENABLE_TESTABILITY = YES;
				GCC_C_LANGUAGE_STANDARD = gnu11;
				GCC_DYNAMIC_NO_PIC = NO;
				GCC_NO_COMMON_BLOCKS = YES;
				GCC_OPTIMIZATION_LEVEL = 0;
				GCC_PREPROCESSOR_DEFINITIONS = (
					"DEBUG=1",
					"$(inherited)",
				);
				GCC_WARN_64_TO_32_BIT_CONVERSION = YES;
				GCC_WARN_ABOUT_RETURN_TYPE = YES_ERROR;
				GCC_WARN_UNDECLARED_SELECTOR = YES;
				GCC_WARN_UNINITIALIZED_AUTOS = YES_AGGRESSIVE;
				GCC_WARN_UNUSED_FUNCTION = YES;
				GCC_WARN_UNUSED_VARIABLE = YES;
				IPHONEOS_DEPLOYMENT_TARGET = 15.4;
				MTL_ENABLE_DEBUG_INFO = INCLUDE_SOURCE;
				MTL_FAST_MATH = YES;
				ONLY_ACTIVE_ARCH = YES;
				SDKROOT = iphoneos;
				SWIFT_ACTIVE_COMPILATION_CONDITIONS = DEBUG;
				SWIFT_OPTIMIZATION_LEVEL = "-Onone";
			};
			name = Debug;
		};
		4A5005C228BA2ED4003ED3C6 /* Release */ = {
			isa = XCBuildConfiguration;
			buildSettings = {
				ALWAYS_SEARCH_USER_PATHS = NO;
				CLANG_ANALYZER_LOCALIZABILITY_NONLOCALIZED = YES;
				CLANG_ANALYZER_NONNULL = YES;
				CLANG_ANALYZER_NUMBER_OBJECT_CONVERSION = YES_AGGRESSIVE;
				CLANG_CXX_LANGUAGE_STANDARD = "gnu++17";
				CLANG_ENABLE_MODULES = YES;
				CLANG_ENABLE_OBJC_ARC = YES;
				CLANG_ENABLE_OBJC_WEAK = YES;
				CLANG_WARN_BLOCK_CAPTURE_AUTORELEASING = YES;
				CLANG_WARN_BOOL_CONVERSION = YES;
				CLANG_WARN_COMMA = YES;
				CLANG_WARN_CONSTANT_CONVERSION = YES;
				CLANG_WARN_DEPRECATED_OBJC_IMPLEMENTATIONS = YES;
				CLANG_WARN_DIRECT_OBJC_ISA_USAGE = YES_ERROR;
				CLANG_WARN_DOCUMENTATION_COMMENTS = YES;
				CLANG_WARN_EMPTY_BODY = YES;
				CLANG_WARN_ENUM_CONVERSION = YES;
				CLANG_WARN_INFINITE_RECURSION = YES;
				CLANG_WARN_INT_CONVERSION = YES;
				CLANG_WARN_NON_LITERAL_NULL_CONVERSION = YES;
				CLANG_WARN_OBJC_IMPLICIT_RETAIN_SELF = YES;
				CLANG_WARN_OBJC_LITERAL_CONVERSION = YES;
				CLANG_WARN_OBJC_ROOT_CLASS = YES_ERROR;
				CLANG_WARN_QUOTED_INCLUDE_IN_FRAMEWORK_HEADER = YES;
				CLANG_WARN_RANGE_LOOP_ANALYSIS = YES;
				CLANG_WARN_STRICT_PROTOTYPES = YES;
				CLANG_WARN_SUSPICIOUS_MOVE = YES;
				CLANG_WARN_UNGUARDED_AVAILABILITY = YES_AGGRESSIVE;
				CLANG_WARN_UNREACHABLE_CODE = YES;
				CLANG_WARN__DUPLICATE_METHOD_MATCH = YES;
				COPY_PHASE_STRIP = NO;
				DEBUG_INFORMATION_FORMAT = "dwarf-with-dsym";
				ENABLE_NS_ASSERTIONS = NO;
				ENABLE_STRICT_OBJC_MSGSEND = YES;
				GCC_C_LANGUAGE_STANDARD = gnu11;
				GCC_NO_COMMON_BLOCKS = YES;
				GCC_WARN_64_TO_32_BIT_CONVERSION = YES;
				GCC_WARN_ABOUT_RETURN_TYPE = YES_ERROR;
				GCC_WARN_UNDECLARED_SELECTOR = YES;
				GCC_WARN_UNINITIALIZED_AUTOS = YES_AGGRESSIVE;
				GCC_WARN_UNUSED_FUNCTION = YES;
				GCC_WARN_UNUSED_VARIABLE = YES;
				IPHONEOS_DEPLOYMENT_TARGET = 15.4;
				MTL_ENABLE_DEBUG_INFO = NO;
				MTL_FAST_MATH = YES;
				SDKROOT = iphoneos;
				SWIFT_COMPILATION_MODE = wholemodule;
				SWIFT_OPTIMIZATION_LEVEL = "-O";
				VALIDATE_PRODUCT = YES;
			};
			name = Release;
		};
		4A5005C428BA2ED4003ED3C6 /* Debug */ = {
			isa = XCBuildConfiguration;
			baseConfigurationReference = F817F626CC81FE8BE2A87EF0 /* Pods-ExampleApp.debug.xcconfig */;
			buildSettings = {
				ASSETCATALOG_COMPILER_APPICON_NAME = AppIcon;
				ASSETCATALOG_COMPILER_GLOBAL_ACCENT_COLOR_NAME = AccentColor;
				CODE_SIGN_STYLE = Automatic;
				CURRENT_PROJECT_VERSION = 1;
				DEVELOPMENT_TEAM = 9HY9G7NYSB;
				GENERATE_INFOPLIST_FILE = YES;
				INFOPLIST_FILE = ExampleApp/Info.plist;
				INFOPLIST_KEY_UIApplicationSupportsIndirectInputEvents = YES;
				INFOPLIST_KEY_UILaunchStoryboardName = LaunchScreen;
				INFOPLIST_KEY_UISupportedInterfaceOrientations_iPad = "UIInterfaceOrientationPortrait UIInterfaceOrientationPortraitUpsideDown UIInterfaceOrientationLandscapeLeft UIInterfaceOrientationLandscapeRight";
				INFOPLIST_KEY_UISupportedInterfaceOrientations_iPhone = "UIInterfaceOrientationPortrait UIInterfaceOrientationLandscapeLeft UIInterfaceOrientationLandscapeRight";
				INFOPLIST_KEY_UIUserInterfaceStyle = Light;
				IPHONEOS_DEPLOYMENT_TARGET = 13.5;
				LD_RUNPATH_SEARCH_PATHS = (
					"$(inherited)",
					"@executable_path/Frameworks",
				);
				MARKETING_VERSION = 1.0;
				PRODUCT_BUNDLE_IDENTIFIER = com.nicolasvalentini.ExampleApp;
				PRODUCT_NAME = "$(TARGET_NAME)";
				SWIFT_EMIT_LOC_STRINGS = YES;
				SWIFT_VERSION = 5.0;
				TARGETED_DEVICE_FAMILY = 1;
			};
			name = Debug;
		};
		4A5005C528BA2ED4003ED3C6 /* Release */ = {
			isa = XCBuildConfiguration;
			baseConfigurationReference = CC10809CB9425E0EC81BD569 /* Pods-ExampleApp.release.xcconfig */;
			buildSettings = {
				ASSETCATALOG_COMPILER_APPICON_NAME = AppIcon;
				ASSETCATALOG_COMPILER_GLOBAL_ACCENT_COLOR_NAME = AccentColor;
				CODE_SIGN_STYLE = Automatic;
				CURRENT_PROJECT_VERSION = 1;
				DEVELOPMENT_TEAM = 9HY9G7NYSB;
				GENERATE_INFOPLIST_FILE = YES;
				INFOPLIST_FILE = ExampleApp/Info.plist;
				INFOPLIST_KEY_UIApplicationSupportsIndirectInputEvents = YES;
				INFOPLIST_KEY_UILaunchStoryboardName = LaunchScreen;
				INFOPLIST_KEY_UISupportedInterfaceOrientations_iPad = "UIInterfaceOrientationPortrait UIInterfaceOrientationPortraitUpsideDown UIInterfaceOrientationLandscapeLeft UIInterfaceOrientationLandscapeRight";
				INFOPLIST_KEY_UISupportedInterfaceOrientations_iPhone = "UIInterfaceOrientationPortrait UIInterfaceOrientationLandscapeLeft UIInterfaceOrientationLandscapeRight";
				INFOPLIST_KEY_UIUserInterfaceStyle = Light;
				IPHONEOS_DEPLOYMENT_TARGET = 13.5;
				LD_RUNPATH_SEARCH_PATHS = (
					"$(inherited)",
					"@executable_path/Frameworks",
				);
				MARKETING_VERSION = 1.0;
				PRODUCT_BUNDLE_IDENTIFIER = com.nicolasvalentini.ExampleApp;
				PRODUCT_NAME = "$(TARGET_NAME)";
				SWIFT_EMIT_LOC_STRINGS = YES;
				SWIFT_VERSION = 5.0;
				TARGETED_DEVICE_FAMILY = 1;
			};
			name = Release;
		};
		4A5005C728BA2ED4003ED3C6 /* Debug */ = {
			isa = XCBuildConfiguration;
			baseConfigurationReference = C0C78A0A84882C4F7B8767B0 /* Pods-ExampleAppTests.debug.xcconfig */;
			buildSettings = {
				ALWAYS_EMBED_SWIFT_STANDARD_LIBRARIES = YES;
				BUNDLE_LOADER = "$(TEST_HOST)";
				CODE_SIGN_STYLE = Automatic;
				CURRENT_PROJECT_VERSION = 1;
				DEVELOPMENT_TEAM = 9HY9G7NYSB;
				GENERATE_INFOPLIST_FILE = YES;
				IPHONEOS_DEPLOYMENT_TARGET = 15.4;
				MARKETING_VERSION = 1.0;
				PRODUCT_BUNDLE_IDENTIFIER = com.nicolasvalentini.ExampleAppTests;
				PRODUCT_NAME = "$(TARGET_NAME)";
				SWIFT_EMIT_LOC_STRINGS = NO;
				SWIFT_VERSION = 5.0;
				TARGETED_DEVICE_FAMILY = "1,2";
				TEST_HOST = "$(BUILT_PRODUCTS_DIR)/ExampleApp.app/ExampleApp";
			};
			name = Debug;
		};
		4A5005C828BA2ED4003ED3C6 /* Release */ = {
			isa = XCBuildConfiguration;
			baseConfigurationReference = D44CC8660D03EFFAAE3FDDA0 /* Pods-ExampleAppTests.release.xcconfig */;
			buildSettings = {
				ALWAYS_EMBED_SWIFT_STANDARD_LIBRARIES = YES;
				BUNDLE_LOADER = "$(TEST_HOST)";
				CODE_SIGN_STYLE = Automatic;
				CURRENT_PROJECT_VERSION = 1;
				DEVELOPMENT_TEAM = 9HY9G7NYSB;
				GENERATE_INFOPLIST_FILE = YES;
				IPHONEOS_DEPLOYMENT_TARGET = 15.4;
				MARKETING_VERSION = 1.0;
				PRODUCT_BUNDLE_IDENTIFIER = com.nicolasvalentini.ExampleAppTests;
				PRODUCT_NAME = "$(TARGET_NAME)";
				SWIFT_EMIT_LOC_STRINGS = NO;
				SWIFT_VERSION = 5.0;
				TARGETED_DEVICE_FAMILY = "1,2";
				TEST_HOST = "$(BUILT_PRODUCTS_DIR)/ExampleApp.app/ExampleApp";
			};
			name = Release;
		};
		4A5005CA28BA2ED4003ED3C6 /* Debug */ = {
			isa = XCBuildConfiguration;
			baseConfigurationReference = D9947A34CF7AC1F9617EF5A3 /* Pods-ExampleApp-ExampleAppUITests.debug.xcconfig */;
			buildSettings = {
				ALWAYS_EMBED_SWIFT_STANDARD_LIBRARIES = YES;
				CODE_SIGN_STYLE = Automatic;
				CURRENT_PROJECT_VERSION = 1;
				DEVELOPMENT_TEAM = 9HY9G7NYSB;
				GENERATE_INFOPLIST_FILE = YES;
				MARKETING_VERSION = 1.0;
				PRODUCT_BUNDLE_IDENTIFIER = com.nicolasvalentini.ExampleAppUITests;
				PRODUCT_NAME = "$(TARGET_NAME)";
				SWIFT_EMIT_LOC_STRINGS = NO;
				SWIFT_VERSION = 5.0;
				TARGETED_DEVICE_FAMILY = "1,2";
				TEST_TARGET_NAME = ExampleApp;
			};
			name = Debug;
		};
		4A5005CB28BA2ED4003ED3C6 /* Release */ = {
			isa = XCBuildConfiguration;
			baseConfigurationReference = 8586D76107B153A38A0700A1 /* Pods-ExampleApp-ExampleAppUITests.release.xcconfig */;
			buildSettings = {
				ALWAYS_EMBED_SWIFT_STANDARD_LIBRARIES = YES;
				CODE_SIGN_STYLE = Automatic;
				CURRENT_PROJECT_VERSION = 1;
				DEVELOPMENT_TEAM = 9HY9G7NYSB;
				GENERATE_INFOPLIST_FILE = YES;
				MARKETING_VERSION = 1.0;
				PRODUCT_BUNDLE_IDENTIFIER = com.nicolasvalentini.ExampleAppUITests;
				PRODUCT_NAME = "$(TARGET_NAME)";
				SWIFT_EMIT_LOC_STRINGS = NO;
				SWIFT_VERSION = 5.0;
				TARGETED_DEVICE_FAMILY = "1,2";
				TEST_TARGET_NAME = ExampleApp;
			};
			name = Release;
		};
/* End XCBuildConfiguration section */

/* Begin XCConfigurationList section */
		4A50059428BA2ED2003ED3C6 /* Build configuration list for PBXProject "ExampleApp" */ = {
			isa = XCConfigurationList;
			buildConfigurations = (
				4A5005C128BA2ED4003ED3C6 /* Debug */,
				4A5005C228BA2ED4003ED3C6 /* Release */,
			);
			defaultConfigurationIsVisible = 0;
			defaultConfigurationName = Release;
		};
		4A5005C328BA2ED4003ED3C6 /* Build configuration list for PBXNativeTarget "ExampleApp" */ = {
			isa = XCConfigurationList;
			buildConfigurations = (
				4A5005C428BA2ED4003ED3C6 /* Debug */,
				4A5005C528BA2ED4003ED3C6 /* Release */,
			);
			defaultConfigurationIsVisible = 0;
			defaultConfigurationName = Release;
		};
		4A5005C628BA2ED4003ED3C6 /* Build configuration list for PBXNativeTarget "ExampleAppTests" */ = {
			isa = XCConfigurationList;
			buildConfigurations = (
				4A5005C728BA2ED4003ED3C6 /* Debug */,
				4A5005C828BA2ED4003ED3C6 /* Release */,
			);
			defaultConfigurationIsVisible = 0;
			defaultConfigurationName = Release;
		};
		4A5005C928BA2ED4003ED3C6 /* Build configuration list for PBXNativeTarget "ExampleAppUITests" */ = {
			isa = XCConfigurationList;
			buildConfigurations = (
				4A5005CA28BA2ED4003ED3C6 /* Debug */,
				4A5005CB28BA2ED4003ED3C6 /* Release */,
			);
			defaultConfigurationIsVisible = 0;
			defaultConfigurationName = Release;
		};
/* End XCConfigurationList section */
	};
	rootObject = 4A50059128BA2ED2003ED3C6 /* Project object */;
}
